PODS:
  - Gifu (3.3.1)
  - SnapKit (5.6.0)

DEPENDENCIES:
  - Gifu
  - SnapKit

SPEC REPOS:
  trunk:
    - Gifu
    - SnapKit

SPEC CHECKSUMS:
  Gifu: 416d4e38c4c2fed012f019e0a1d3ffcb58e5b842
  SnapKit: e01d52ebb8ddbc333eefe2132acf85c8227d9c25

PODFILE CHECKSUM: 2d3e45fd951c2bf4310aa311eed3cfd07bb2a8b7

COCOAPODS: 1.12.1
