// !$*UTF8*$!
{
	archiveVersion = 1;
	classes = {
	};
	objectVersion = 56;
	objects = {

/* Begin PBXBuildFile section */
		0912CBAB2A68C28500139593 /* CustomAlertViewController.swift in Sources */ = {isa = PBXBuildFile; fileRef = 0912CBAA2A68C28500139593 /* CustomAlertViewController.swift */; };
		0912CBAD2A68C60C00139593 /* CustomPopupViewController.swift in Sources */ = {isa = PBXBuildFile; fileRef = 0912CBAC2A68C60C00139593 /* CustomPopupViewController.swift */; };
		093EB0BC2A6F7DD400AC1F71 /* CustomPopupCell.swift in Sources */ = {isa = PBXBuildFile; fileRef = 093EB0BB2A6F7DD400AC1F71 /* CustomPopupCell.swift */; };
		09402EBB2A82160000B937C6 /* report_done.gif in Resources */ = {isa = PBXBuildFile; fileRef = 09402EBA2A82160000B937C6 /* report_done.gif */; };
		09BD19922A8ABF14009FD1DF /* img_clutch_danger.gif in Resources */ = {isa = PBXBuildFile; fileRef = 09BD198F2A8ABF14009FD1DF /* img_clutch_danger.gif */; };
		09BD19932A8ABF14009FD1DF /* img_clutch_main_home.gif in Resources */ = {isa = PBXBuildFile; fileRef = 09BD19902A8ABF14009FD1DF /* img_clutch_main_home.gif */; };
		09BD19942A8ABF14009FD1DF /* img_clutch_safe.gif in Resources */ = {isa = PBXBuildFile; fileRef = 09BD19912A8ABF14009FD1DF /* img_clutch_safe.gif */; };
		09D990492A7393E0004F1349 /* ImageCell.swift in Sources */ = {isa = PBXBuildFile; fileRef = 09D990482A7393E0004F1349 /* ImageCell.swift */; };
		09D9904B2A73A0BB004F1349 /* ButtonCell.swift in Sources */ = {isa = PBXBuildFile; fileRef = 09D9904A2A73A0BB004F1349 /* ButtonCell.swift */; };
		09EBFACE2A710033004C8BE5 /* ContractInfoViewController.swift in Sources */ = {isa = PBXBuildFile; fileRef = 09EBFACD2A710033004C8BE5 /* ContractInfoViewController.swift */; };
		09EBFAD02A7107A4004C8BE5 /* CheckCell.swift in Sources */ = {isa = PBXBuildFile; fileRef = 09EBFACF2A7107A4004C8BE5 /* CheckCell.swift */; };
		2C16A6BA2A5F9F08003D7013 /* WithdrawViewController.swift in Sources */ = {isa = PBXBuildFile; fileRef = 2C16A6B92A5F9F08003D7013 /* WithdrawViewController.swift */; };
		A207BC862A6665BC002AD898 /* InquiryViewController.swift in Sources */ = {isa = PBXBuildFile; fileRef = A207BC852A6665BC002AD898 /* InquiryViewController.swift */; };
		A223575F2A65279900915DF0 /* ProfileViewController.swift in Sources */ = {isa = PBXBuildFile; fileRef = A223575E2A65279900915DF0 /* ProfileViewController.swift */; };
		A22D5DF22A65678100F8D536 /* InputScreen.swift in Sources */ = {isa = PBXBuildFile; fileRef = A22D5DF12A65678100F8D536 /* InputScreen.swift */; };
		A22F712D2A7394BE007705C8 /* ResultViewController.swift in Sources */ = {isa = PBXBuildFile; fileRef = A22F712C2A7394BE007705C8 /* ResultViewController.swift */; };
		A22F712F2A73951E007705C8 /* SecondCalculateViewController.swift in Sources */ = {isa = PBXBuildFile; fileRef = A22F712E2A73951E007705C8 /* SecondCalculateViewController.swift */; };
		A248A9982A5FD4C40053E66C /* HistoryCell.swift in Sources */ = {isa = PBXBuildFile; fileRef = A248A9972A5FD4C40053E66C /* HistoryCell.swift */; };
		A248A99A2A5FD5330053E66C /* InfoCell.swift in Sources */ = {isa = PBXBuildFile; fileRef = A248A9992A5FD5330053E66C /* InfoCell.swift */; };
		A248A99C2A5FD5410053E66C /* AccountCell.swift in Sources */ = {isa = PBXBuildFile; fileRef = A248A99B2A5FD5410053E66C /* AccountCell.swift */; };
		A286D4C92A77F9C000C3EB93 /* OutputView.swift in Sources */ = {isa = PBXBuildFile; fileRef = A286D4C82A77F9C000C3EB93 /* OutputView.swift */; };
		A2CB67F82A80CA0000294F96 /* CalculateHistoryViewController.swift in Sources */ = {isa = PBXBuildFile; fileRef = A2CB67F72A80CA0000294F96 /* CalculateHistoryViewController.swift */; };
		A2CB67FA2A80D78900294F96 /* CalculateHistoryCell.swift in Sources */ = {isa = PBXBuildFile; fileRef = A2CB67F92A80D78900294F96 /* CalculateHistoryCell.swift */; };
		BE40DC6C2A6A658F0007F588 /* TextInputView.swift in Sources */ = {isa = PBXBuildFile; fileRef = BE40DC6B2A6A658F0007F588 /* TextInputView.swift */; };
		BE40DC712A6A76620007F588 /* SampleViewController.swift in Sources */ = {isa = PBXBuildFile; fileRef = BE40DC702A6A76620007F588 /* SampleViewController.swift */; };
		BE4B03442A790C3F009285A3 /* Package.swift in Sources */ = {isa = PBXBuildFile; fileRef = BE4B03432A790C3F009285A3 /* Package.swift */; };
		BE4B03472A790DCD009285A3 /* Alamofire in Frameworks */ = {isa = PBXBuildFile; productRef = BE4B03462A790DCD009285A3 /* Alamofire */; };
		BE4B03582A7A2F28009285A3 /* YPImagePicker in Frameworks */ = {isa = PBXBuildFile; productRef = BE4B03572A7A2F28009285A3 /* YPImagePicker */; };
		BE4B035B2A7A2F5D009285A3 /* IQKeyboardManagerSwift in Frameworks */ = {isa = PBXBuildFile; productRef = BE4B035A2A7A2F5D009285A3 /* IQKeyboardManagerSwift */; };
		BE4B03612A7A3018009285A3 /* SwiftyGif in Frameworks */ = {isa = PBXBuildFile; productRef = BE4B03602A7A3018009285A3 /* SwiftyGif */; };
		BE53C58B2A765AEA000EF2C5 /* UserInfoViewController.swift in Sources */ = {isa = PBXBuildFile; fileRef = BE53C58A2A765AEA000EF2C5 /* UserInfoViewController.swift */; };
		BE53C58D2A765D45000EF2C5 /* ReportDoneViewController.swift in Sources */ = {isa = PBXBuildFile; fileRef = BE53C58C2A765D45000EF2C5 /* ReportDoneViewController.swift */; };
		BE53C58F2A765D92000EF2C5 /* TextSampleView.swift in Sources */ = {isa = PBXBuildFile; fileRef = BE53C58E2A765D92000EF2C5 /* TextSampleView.swift */; };
		BE53C5912A765DF4000EF2C5 /* ReportDoneView.swift in Sources */ = {isa = PBXBuildFile; fileRef = BE53C5902A765DF4000EF2C5 /* ReportDoneView.swift */; };
		BE53C5932A766819000EF2C5 /* ReportStatusView.swift in Sources */ = {isa = PBXBuildFile; fileRef = BE53C5922A766819000EF2C5 /* ReportStatusView.swift */; };
		BE67E1DB2A4F13BB002EB93C /* Color+Ext.swift in Sources */ = {isa = PBXBuildFile; fileRef = BE67E1DA2A4F13BB002EB93C /* Color+Ext.swift */; };
		BE67E1DD2A4F140E002EB93C /* SetColor.swift in Sources */ = {isa = PBXBuildFile; fileRef = BE67E1DC2A4F140E002EB93C /* SetColor.swift */; };
		BE744AB02A4F2685005F8F4F /* ClutchIntroViewController.swift in Sources */ = {isa = PBXBuildFile; fileRef = BE744AAF2A4F2685005F8F4F /* ClutchIntroViewController.swift */; };
		BE744AB22A4F2695005F8F4F /* CalculateViewController.swift in Sources */ = {isa = PBXBuildFile; fileRef = BE744AB12A4F2695005F8F4F /* CalculateViewController.swift */; };
		BE744AB42A4F26B1005F8F4F /* ReportViewController.swift in Sources */ = {isa = PBXBuildFile; fileRef = BE744AB32A4F26B1005F8F4F /* ReportViewController.swift */; };
		BE744AB62A4F2769005F8F4F /* MypageViewController.swift in Sources */ = {isa = PBXBuildFile; fileRef = BE744AB52A4F2769005F8F4F /* MypageViewController.swift */; };
		BE85075C2A77EDFB009ADAD6 /* SnapKit in Frameworks */ = {isa = PBXBuildFile; productRef = BE85075B2A77EDFB009ADAD6 /* SnapKit */; };
		BE87AC8C2A5D9C610002E4C6 /* TransitionViewController.swift in Sources */ = {isa = PBXBuildFile; fileRef = BE87AC8B2A5D9C610002E4C6 /* TransitionViewController.swift */; };
		BE87AC8E2A5DA0B00002E4C6 /* SetFont.swift in Sources */ = {isa = PBXBuildFile; fileRef = BE87AC8D2A5DA0B00002E4C6 /* SetFont.swift */; };
		BE90A4D82A88B5A70052FBC1 /* BaseEndpoint.swift in Sources */ = {isa = PBXBuildFile; fileRef = BE90A4D72A88B5A70052FBC1 /* BaseEndpoint.swift */; };
		BE90A4DA2A88B8E30052FBC1 /* Ext + URL.swift in Sources */ = {isa = PBXBuildFile; fileRef = BE90A4D92A88B8E30052FBC1 /* Ext + URL.swift */; };
		BE90A4DC2A88BA9A0052FBC1 /* APIManger.swift in Sources */ = {isa = PBXBuildFile; fileRef = BE90A4DB2A88BA9A0052FBC1 /* APIManger.swift */; };
		BE90A4DF2A88BABE0052FBC1 /* SwiftyJSON in Frameworks */ = {isa = PBXBuildFile; productRef = BE90A4DE2A88BABE0052FBC1 /* SwiftyJSON */; };
		BE9FF7982A6E9BD00000DA88 /* SmallTextInputView.swift in Sources */ = {isa = PBXBuildFile; fileRef = BE9FF7972A6E9BD00000DA88 /* SmallTextInputView.swift */; };
		BE9FF79A2A6E9F840000DA88 /* datePickerViewController.swift in Sources */ = {isa = PBXBuildFile; fileRef = BE9FF7992A6E9F840000DA88 /* datePickerViewController.swift */; };
		BEABD8922A6FE0500015AC29 /* CheckContainer.swift in Sources */ = {isa = PBXBuildFile; fileRef = BEABD8912A6FE0500015AC29 /* CheckContainer.swift */; };
		BECEC6A32A5EDFDF00A177A0 /* faqViewController.swift in Sources */ = {isa = PBXBuildFile; fileRef = BECEC6A22A5EDFDF00A177A0 /* faqViewController.swift */; };
		BECEC6A82A5EF52500A177A0 /* Banner2View.swift in Sources */ = {isa = PBXBuildFile; fileRef = BECEC6A72A5EF52500A177A0 /* Banner2View.swift */; };
		BECEC6AA2A5EF52B00A177A0 /* Banner1View.swift in Sources */ = {isa = PBXBuildFile; fileRef = BECEC6A92A5EF52B00A177A0 /* Banner1View.swift */; };
		BECEC6AC2A60143200A177A0 /* ColorToImage.swift in Sources */ = {isa = PBXBuildFile; fileRef = BECEC6AB2A60143200A177A0 /* ColorToImage.swift */; };
		BECEC6B12A6016B100A177A0 /* BaseView.swift in Sources */ = {isa = PBXBuildFile; fileRef = BECEC6B02A6016B100A177A0 /* BaseView.swift */; };
		BECEC6B32A6016BB00A177A0 /* BaseViewController.swift in Sources */ = {isa = PBXBuildFile; fileRef = BECEC6B22A6016BB00A177A0 /* BaseViewController.swift */; };
		BECEC6B52A6050EA00A177A0 /* loginViewController.swift in Sources */ = {isa = PBXBuildFile; fileRef = BECEC6B42A6050EA00A177A0 /* loginViewController.swift */; };
		BECEC6B72A6050F700A177A0 /* loginView.swift in Sources */ = {isa = PBXBuildFile; fileRef = BECEC6B62A6050F700A177A0 /* loginView.swift */; };
		BED645C32A4D6845005106D8 /* AppDelegate.swift in Sources */ = {isa = PBXBuildFile; fileRef = BED645C22A4D6845005106D8 /* AppDelegate.swift */; };
		BED645C52A4D6845005106D8 /* SceneDelegate.swift in Sources */ = {isa = PBXBuildFile; fileRef = BED645C42A4D6845005106D8 /* SceneDelegate.swift */; };
		BED645C72A4D6845005106D8 /* MainViewController.swift in Sources */ = {isa = PBXBuildFile; fileRef = BED645C62A4D6845005106D8 /* MainViewController.swift */; };
		BED645CA2A4D6845005106D8 /* Main.storyboard in Resources */ = {isa = PBXBuildFile; fileRef = BED645C82A4D6845005106D8 /* Main.storyboard */; };
		BED645CD2A4D6845005106D8 /* clutch_iOS.xcdatamodeld in Sources */ = {isa = PBXBuildFile; fileRef = BED645CB2A4D6845005106D8 /* clutch_iOS.xcdatamodeld */; };
		BED645CF2A4D6846005106D8 /* Assets.xcassets in Resources */ = {isa = PBXBuildFile; fileRef = BED645CE2A4D6846005106D8 /* Assets.xcassets */; };
		BED645D22A4D6846005106D8 /* LaunchScreen.storyboard in Resources */ = {isa = PBXBuildFile; fileRef = BED645D02A4D6846005106D8 /* LaunchScreen.storyboard */; };
		BED645DD2A4D6846005106D8 /* clutch_iOSTests.swift in Sources */ = {isa = PBXBuildFile; fileRef = BED645DC2A4D6846005106D8 /* clutch_iOSTests.swift */; };
		BED645E72A4D6846005106D8 /* clutch_iOSUITests.swift in Sources */ = {isa = PBXBuildFile; fileRef = BED645E62A4D6846005106D8 /* clutch_iOSUITests.swift */; };
		BED645E92A4D6846005106D8 /* clutch_iOSUITestsLaunchTests.swift in Sources */ = {isa = PBXBuildFile; fileRef = BED645E82A4D6846005106D8 /* clutch_iOSUITestsLaunchTests.swift */; };
		BED645F62A4D6968005106D8 /* MyCustomCell1.swift in Sources */ = {isa = PBXBuildFile; fileRef = BED645F52A4D6968005106D8 /* MyCustomCell1.swift */; };
		BED645F82A4D69CF005106D8 /* MyCustomCell2.swift in Sources */ = {isa = PBXBuildFile; fileRef = BED645F72A4D69CF005106D8 /* MyCustomCell2.swift */; };
		BED645FA2A4D69D7005106D8 /* MyCustomCell3.swift in Sources */ = {isa = PBXBuildFile; fileRef = BED645F92A4D69D7005106D8 /* MyCustomCell3.swift */; };
		BED645FC2A4D69DE005106D8 /* MyCustomCell4.swift in Sources */ = {isa = PBXBuildFile; fileRef = BED645FB2A4D69DE005106D8 /* MyCustomCell4.swift */; };
		BEF1510E2A6E0DA500798D74 /* SampleScrollViewController.swift in Sources */ = {isa = PBXBuildFile; fileRef = BEF1510D2A6E0DA500798D74 /* SampleScrollViewController.swift */; };
/* End PBXBuildFile section */

/* Begin PBXContainerItemProxy section */
		BED645D92A4D6846005106D8 /* PBXContainerItemProxy */ = {
			isa = PBXContainerItemProxy;
			containerPortal = BED645B72A4D6845005106D8 /* Project object */;
			proxyType = 1;
			remoteGlobalIDString = BED645BE2A4D6845005106D8;
			remoteInfo = clutch_iOS;
		};
		BED645E32A4D6846005106D8 /* PBXContainerItemProxy */ = {
			isa = PBXContainerItemProxy;
			containerPortal = BED645B72A4D6845005106D8 /* Project object */;
			proxyType = 1;
			remoteGlobalIDString = BED645BE2A4D6845005106D8;
			remoteInfo = clutch_iOS;
		};
/* End PBXContainerItemProxy section */

/* Begin PBXFileReference section */
		0912CBAA2A68C28500139593 /* CustomAlertViewController.swift */ = {isa = PBXFileReference; fileEncoding = 4; lastKnownFileType = sourcecode.swift; path = CustomAlertViewController.swift; sourceTree = "<group>"; };
		0912CBAC2A68C60C00139593 /* CustomPopupViewController.swift */ = {isa = PBXFileReference; lastKnownFileType = sourcecode.swift; path = CustomPopupViewController.swift; sourceTree = "<group>"; };
		093EB0BB2A6F7DD400AC1F71 /* CustomPopupCell.swift */ = {isa = PBXFileReference; lastKnownFileType = sourcecode.swift; path = CustomPopupCell.swift; sourceTree = "<group>"; };
		09402EBA2A82160000B937C6 /* report_done.gif */ = {isa = PBXFileReference; lastKnownFileType = image.gif; path = report_done.gif; sourceTree = "<group>"; };
		09BD198F2A8ABF14009FD1DF /* img_clutch_danger.gif */ = {isa = PBXFileReference; lastKnownFileType = image.gif; path = img_clutch_danger.gif; sourceTree = "<group>"; };
		09BD19902A8ABF14009FD1DF /* img_clutch_main_home.gif */ = {isa = PBXFileReference; lastKnownFileType = image.gif; path = img_clutch_main_home.gif; sourceTree = "<group>"; };
		09BD19912A8ABF14009FD1DF /* img_clutch_safe.gif */ = {isa = PBXFileReference; lastKnownFileType = image.gif; path = img_clutch_safe.gif; sourceTree = "<group>"; };
		09D990482A7393E0004F1349 /* ImageCell.swift */ = {isa = PBXFileReference; lastKnownFileType = sourcecode.swift; path = ImageCell.swift; sourceTree = "<group>"; };
		09D9904A2A73A0BB004F1349 /* ButtonCell.swift */ = {isa = PBXFileReference; lastKnownFileType = sourcecode.swift; path = ButtonCell.swift; sourceTree = "<group>"; };
		09EBFACD2A710033004C8BE5 /* ContractInfoViewController.swift */ = {isa = PBXFileReference; lastKnownFileType = sourcecode.swift; path = ContractInfoViewController.swift; sourceTree = "<group>"; };
		09EBFACF2A7107A4004C8BE5 /* CheckCell.swift */ = {isa = PBXFileReference; lastKnownFileType = sourcecode.swift; path = CheckCell.swift; sourceTree = "<group>"; };
		2C16A6B92A5F9F08003D7013 /* WithdrawViewController.swift */ = {isa = PBXFileReference; lastKnownFileType = sourcecode.swift; path = WithdrawViewController.swift; sourceTree = "<group>"; };
		A207BC852A6665BC002AD898 /* InquiryViewController.swift */ = {isa = PBXFileReference; lastKnownFileType = sourcecode.swift; path = InquiryViewController.swift; sourceTree = "<group>"; };
		A223575E2A65279900915DF0 /* ProfileViewController.swift */ = {isa = PBXFileReference; lastKnownFileType = sourcecode.swift; path = ProfileViewController.swift; sourceTree = "<group>"; };
		A22D5DF12A65678100F8D536 /* InputScreen.swift */ = {isa = PBXFileReference; lastKnownFileType = sourcecode.swift; path = InputScreen.swift; sourceTree = "<group>"; };
		A22F712C2A7394BE007705C8 /* ResultViewController.swift */ = {isa = PBXFileReference; lastKnownFileType = sourcecode.swift; path = ResultViewController.swift; sourceTree = "<group>"; };
		A22F712E2A73951E007705C8 /* SecondCalculateViewController.swift */ = {isa = PBXFileReference; lastKnownFileType = sourcecode.swift; path = SecondCalculateViewController.swift; sourceTree = "<group>"; };
		A248A9972A5FD4C40053E66C /* HistoryCell.swift */ = {isa = PBXFileReference; lastKnownFileType = sourcecode.swift; path = HistoryCell.swift; sourceTree = "<group>"; };
		A248A9992A5FD5330053E66C /* InfoCell.swift */ = {isa = PBXFileReference; lastKnownFileType = sourcecode.swift; path = InfoCell.swift; sourceTree = "<group>"; };
		A248A99B2A5FD5410053E66C /* AccountCell.swift */ = {isa = PBXFileReference; lastKnownFileType = sourcecode.swift; path = AccountCell.swift; sourceTree = "<group>"; };
		A286D4C82A77F9C000C3EB93 /* OutputView.swift */ = {isa = PBXFileReference; lastKnownFileType = sourcecode.swift; path = OutputView.swift; sourceTree = "<group>"; };
		A2CB67F72A80CA0000294F96 /* CalculateHistoryViewController.swift */ = {isa = PBXFileReference; lastKnownFileType = sourcecode.swift; path = CalculateHistoryViewController.swift; sourceTree = "<group>"; };
		A2CB67F92A80D78900294F96 /* CalculateHistoryCell.swift */ = {isa = PBXFileReference; lastKnownFileType = sourcecode.swift; path = CalculateHistoryCell.swift; sourceTree = "<group>"; };
		BE40DC6B2A6A658F0007F588 /* TextInputView.swift */ = {isa = PBXFileReference; lastKnownFileType = sourcecode.swift; path = TextInputView.swift; sourceTree = "<group>"; };
		BE40DC702A6A76620007F588 /* SampleViewController.swift */ = {isa = PBXFileReference; lastKnownFileType = sourcecode.swift; path = SampleViewController.swift; sourceTree = "<group>"; };
		BE4B03432A790C3F009285A3 /* Package.swift */ = {isa = PBXFileReference; fileEncoding = 4; lastKnownFileType = sourcecode.swift; path = Package.swift; sourceTree = "<group>"; };
		BE53C58A2A765AEA000EF2C5 /* UserInfoViewController.swift */ = {isa = PBXFileReference; lastKnownFileType = sourcecode.swift; path = UserInfoViewController.swift; sourceTree = "<group>"; };
		BE53C58C2A765D45000EF2C5 /* ReportDoneViewController.swift */ = {isa = PBXFileReference; lastKnownFileType = sourcecode.swift; path = ReportDoneViewController.swift; sourceTree = "<group>"; };
		BE53C58E2A765D92000EF2C5 /* TextSampleView.swift */ = {isa = PBXFileReference; lastKnownFileType = sourcecode.swift; path = TextSampleView.swift; sourceTree = "<group>"; };
		BE53C5902A765DF4000EF2C5 /* ReportDoneView.swift */ = {isa = PBXFileReference; lastKnownFileType = sourcecode.swift; path = ReportDoneView.swift; sourceTree = "<group>"; };
		BE53C5922A766819000EF2C5 /* ReportStatusView.swift */ = {isa = PBXFileReference; lastKnownFileType = sourcecode.swift; path = ReportStatusView.swift; sourceTree = "<group>"; };
		BE67E1DA2A4F13BB002EB93C /* Color+Ext.swift */ = {isa = PBXFileReference; lastKnownFileType = sourcecode.swift; path = "Color+Ext.swift"; sourceTree = "<group>"; };
		BE67E1DC2A4F140E002EB93C /* SetColor.swift */ = {isa = PBXFileReference; lastKnownFileType = sourcecode.swift; path = SetColor.swift; sourceTree = "<group>"; };
		BE744AAF2A4F2685005F8F4F /* ClutchIntroViewController.swift */ = {isa = PBXFileReference; lastKnownFileType = sourcecode.swift; path = ClutchIntroViewController.swift; sourceTree = "<group>"; };
		BE744AB12A4F2695005F8F4F /* CalculateViewController.swift */ = {isa = PBXFileReference; lastKnownFileType = sourcecode.swift; path = CalculateViewController.swift; sourceTree = "<group>"; };
		BE744AB32A4F26B1005F8F4F /* ReportViewController.swift */ = {isa = PBXFileReference; lastKnownFileType = sourcecode.swift; path = ReportViewController.swift; sourceTree = "<group>"; };
		BE744AB52A4F2769005F8F4F /* MypageViewController.swift */ = {isa = PBXFileReference; lastKnownFileType = sourcecode.swift; path = MypageViewController.swift; sourceTree = "<group>"; };
		BE87AC8B2A5D9C610002E4C6 /* TransitionViewController.swift */ = {isa = PBXFileReference; lastKnownFileType = sourcecode.swift; path = TransitionViewController.swift; sourceTree = "<group>"; };
		BE87AC8D2A5DA0B00002E4C6 /* SetFont.swift */ = {isa = PBXFileReference; lastKnownFileType = sourcecode.swift; path = SetFont.swift; sourceTree = "<group>"; };
		BE90A4D72A88B5A70052FBC1 /* BaseEndpoint.swift */ = {isa = PBXFileReference; lastKnownFileType = sourcecode.swift; path = BaseEndpoint.swift; sourceTree = "<group>"; };
		BE90A4D92A88B8E30052FBC1 /* Ext + URL.swift */ = {isa = PBXFileReference; lastKnownFileType = sourcecode.swift; path = "Ext + URL.swift"; sourceTree = "<group>"; };
		BE90A4DB2A88BA9A0052FBC1 /* APIManger.swift */ = {isa = PBXFileReference; lastKnownFileType = sourcecode.swift; path = APIManger.swift; sourceTree = "<group>"; };
		BE9FF7972A6E9BD00000DA88 /* SmallTextInputView.swift */ = {isa = PBXFileReference; lastKnownFileType = sourcecode.swift; path = SmallTextInputView.swift; sourceTree = "<group>"; };
		BE9FF7992A6E9F840000DA88 /* datePickerViewController.swift */ = {isa = PBXFileReference; lastKnownFileType = sourcecode.swift; path = datePickerViewController.swift; sourceTree = "<group>"; };
		BEABD8912A6FE0500015AC29 /* CheckContainer.swift */ = {isa = PBXFileReference; fileEncoding = 4; lastKnownFileType = sourcecode.swift; path = CheckContainer.swift; sourceTree = "<group>"; };
		BECEC6A22A5EDFDF00A177A0 /* faqViewController.swift */ = {isa = PBXFileReference; lastKnownFileType = sourcecode.swift; path = faqViewController.swift; sourceTree = "<group>"; };
		BECEC6A72A5EF52500A177A0 /* Banner2View.swift */ = {isa = PBXFileReference; lastKnownFileType = sourcecode.swift; path = Banner2View.swift; sourceTree = "<group>"; };
		BECEC6A92A5EF52B00A177A0 /* Banner1View.swift */ = {isa = PBXFileReference; lastKnownFileType = sourcecode.swift; path = Banner1View.swift; sourceTree = "<group>"; };
		BECEC6AB2A60143200A177A0 /* ColorToImage.swift */ = {isa = PBXFileReference; lastKnownFileType = sourcecode.swift; path = ColorToImage.swift; sourceTree = "<group>"; };
		BECEC6B02A6016B100A177A0 /* BaseView.swift */ = {isa = PBXFileReference; lastKnownFileType = sourcecode.swift; path = BaseView.swift; sourceTree = "<group>"; };
		BECEC6B22A6016BB00A177A0 /* BaseViewController.swift */ = {isa = PBXFileReference; lastKnownFileType = sourcecode.swift; path = BaseViewController.swift; sourceTree = "<group>"; };
		BECEC6B42A6050EA00A177A0 /* loginViewController.swift */ = {isa = PBXFileReference; lastKnownFileType = sourcecode.swift; path = loginViewController.swift; sourceTree = "<group>"; };
		BECEC6B62A6050F700A177A0 /* loginView.swift */ = {isa = PBXFileReference; lastKnownFileType = sourcecode.swift; path = loginView.swift; sourceTree = "<group>"; };
		BED645BF2A4D6845005106D8 /* clutch_iOS.app */ = {isa = PBXFileReference; explicitFileType = wrapper.application; includeInIndex = 0; path = clutch_iOS.app; sourceTree = BUILT_PRODUCTS_DIR; };
		BED645C22A4D6845005106D8 /* AppDelegate.swift */ = {isa = PBXFileReference; lastKnownFileType = sourcecode.swift; path = AppDelegate.swift; sourceTree = "<group>"; };
		BED645C42A4D6845005106D8 /* SceneDelegate.swift */ = {isa = PBXFileReference; lastKnownFileType = sourcecode.swift; path = SceneDelegate.swift; sourceTree = "<group>"; };
		BED645C62A4D6845005106D8 /* MainViewController.swift */ = {isa = PBXFileReference; lastKnownFileType = sourcecode.swift; path = MainViewController.swift; sourceTree = "<group>"; };
		BED645C92A4D6845005106D8 /* Base */ = {isa = PBXFileReference; lastKnownFileType = file.storyboard; name = Base; path = Base.lproj/Main.storyboard; sourceTree = "<group>"; };
		BED645CC2A4D6845005106D8 /* clutch_iOS.xcdatamodel */ = {isa = PBXFileReference; lastKnownFileType = wrapper.xcdatamodel; path = clutch_iOS.xcdatamodel; sourceTree = "<group>"; };
		BED645CE2A4D6846005106D8 /* Assets.xcassets */ = {isa = PBXFileReference; lastKnownFileType = folder.assetcatalog; path = Assets.xcassets; sourceTree = "<group>"; };
		BED645D12A4D6846005106D8 /* Base */ = {isa = PBXFileReference; lastKnownFileType = file.storyboard; name = Base; path = Base.lproj/LaunchScreen.storyboard; sourceTree = "<group>"; };
		BED645D32A4D6846005106D8 /* Info.plist */ = {isa = PBXFileReference; lastKnownFileType = text.plist.xml; path = Info.plist; sourceTree = "<group>"; };
		BED645D82A4D6846005106D8 /* clutch_iOSTests.xctest */ = {isa = PBXFileReference; explicitFileType = wrapper.cfbundle; includeInIndex = 0; path = clutch_iOSTests.xctest; sourceTree = BUILT_PRODUCTS_DIR; };
		BED645DC2A4D6846005106D8 /* clutch_iOSTests.swift */ = {isa = PBXFileReference; lastKnownFileType = sourcecode.swift; path = clutch_iOSTests.swift; sourceTree = "<group>"; };
		BED645E22A4D6846005106D8 /* clutch_iOSUITests.xctest */ = {isa = PBXFileReference; explicitFileType = wrapper.cfbundle; includeInIndex = 0; path = clutch_iOSUITests.xctest; sourceTree = BUILT_PRODUCTS_DIR; };
		BED645E62A4D6846005106D8 /* clutch_iOSUITests.swift */ = {isa = PBXFileReference; lastKnownFileType = sourcecode.swift; path = clutch_iOSUITests.swift; sourceTree = "<group>"; };
		BED645E82A4D6846005106D8 /* clutch_iOSUITestsLaunchTests.swift */ = {isa = PBXFileReference; lastKnownFileType = sourcecode.swift; path = clutch_iOSUITestsLaunchTests.swift; sourceTree = "<group>"; };
		BED645F52A4D6968005106D8 /* MyCustomCell1.swift */ = {isa = PBXFileReference; lastKnownFileType = sourcecode.swift; path = MyCustomCell1.swift; sourceTree = "<group>"; };
		BED645F72A4D69CF005106D8 /* MyCustomCell2.swift */ = {isa = PBXFileReference; lastKnownFileType = sourcecode.swift; path = MyCustomCell2.swift; sourceTree = "<group>"; };
		BED645F92A4D69D7005106D8 /* MyCustomCell3.swift */ = {isa = PBXFileReference; lastKnownFileType = sourcecode.swift; path = MyCustomCell3.swift; sourceTree = "<group>"; };
		BED645FB2A4D69DE005106D8 /* MyCustomCell4.swift */ = {isa = PBXFileReference; lastKnownFileType = sourcecode.swift; path = MyCustomCell4.swift; sourceTree = "<group>"; };
		BEF1510D2A6E0DA500798D74 /* SampleScrollViewController.swift */ = {isa = PBXFileReference; lastKnownFileType = sourcecode.swift; path = SampleScrollViewController.swift; sourceTree = "<group>"; };
/* End PBXFileReference section */

/* Begin PBXFrameworksBuildPhase section */
		BED645BC2A4D6845005106D8 /* Frameworks */ = {
			isa = PBXFrameworksBuildPhase;
			buildActionMask = 2147483647;
			files = (
				BE90A4DF2A88BABE0052FBC1 /* SwiftyJSON in Frameworks */,
				BE85075C2A77EDFB009ADAD6 /* SnapKit in Frameworks */,
				BE4B03582A7A2F28009285A3 /* YPImagePicker in Frameworks */,
				BE4B03472A790DCD009285A3 /* Alamofire in Frameworks */,
				BE4B035B2A7A2F5D009285A3 /* IQKeyboardManagerSwift in Frameworks */,
				BE4B03612A7A3018009285A3 /* SwiftyGif in Frameworks */,
			);
			runOnlyForDeploymentPostprocessing = 0;
		};
		BED645D52A4D6846005106D8 /* Frameworks */ = {
			isa = PBXFrameworksBuildPhase;
			buildActionMask = 2147483647;
			files = (
			);
			runOnlyForDeploymentPostprocessing = 0;
		};
		BED645DF2A4D6846005106D8 /* Frameworks */ = {
			isa = PBXFrameworksBuildPhase;
			buildActionMask = 2147483647;
			files = (
			);
			runOnlyForDeploymentPostprocessing = 0;
		};
/* End PBXFrameworksBuildPhase section */

/* Begin PBXGroup section */
		0912CBA92A68C28500139593 /* Custom */ = {
			isa = PBXGroup;
			children = (
				0912CBAA2A68C28500139593 /* CustomAlertViewController.swift */,
				0912CBAC2A68C60C00139593 /* CustomPopupViewController.swift */,
				093EB0BB2A6F7DD400AC1F71 /* CustomPopupCell.swift */,
			);
			path = Custom;
			sourceTree = "<group>";
		};
		09402EB92A8215CF00B937C6 /* Gif */ = {
			isa = PBXGroup;
			children = (
				09BD198F2A8ABF14009FD1DF /* img_clutch_danger.gif */,
				09BD19902A8ABF14009FD1DF /* img_clutch_main_home.gif */,
				09BD19912A8ABF14009FD1DF /* img_clutch_safe.gif */,
				09402EBA2A82160000B937C6 /* report_done.gif */,
			);
			path = Gif;
			sourceTree = "<group>";
		};
		2C16A6B82A5F9ED9003D7013 /* Account */ = {
			isa = PBXGroup;
			children = (
				2C16A6B92A5F9F08003D7013 /* WithdrawViewController.swift */,
			);
			path = Account;
			sourceTree = "<group>";
		};
		A207BC842A666567002AD898 /* Inquiry */ = {
			isa = PBXGroup;
			children = (
				A207BC852A6665BC002AD898 /* InquiryViewController.swift */,
			);
			path = Inquiry;
			sourceTree = "<group>";
		};
		A20D8E792A81394900A43921 /* CalculateHistoryCell */ = {
			isa = PBXGroup;
			children = (
				A2CB67F92A80D78900294F96 /* CalculateHistoryCell.swift */,
			);
			path = CalculateHistoryCell;
			sourceTree = "<group>";
		};
		A223575D2A65272F00915DF0 /* Profile */ = {
			isa = PBXGroup;
			children = (
				A223575E2A65279900915DF0 /* ProfileViewController.swift */,
				A22D5DF12A65678100F8D536 /* InputScreen.swift */,
			);
			path = Profile;
			sourceTree = "<group>";
		};
		A248A9962A5FD44D0053E66C /* MyPageCell */ = {
			isa = PBXGroup;
			children = (
				A248A9972A5FD4C40053E66C /* HistoryCell.swift */,
				A248A9992A5FD5330053E66C /* InfoCell.swift */,
				A248A99B2A5FD5410053E66C /* AccountCell.swift */,
			);
			path = MyPageCell;
			sourceTree = "<group>";
		};
		BE086A6A2A56F744002E4BF4 /* Resource */ = {
			isa = PBXGroup;
			children = (
				09402EB92A8215CF00B937C6 /* Gif */,
				BED645CE2A4D6846005106D8 /* Assets.xcassets */,
			);
			path = Resource;
			sourceTree = "<group>";
		};
		BE086A6B2A56F767002E4BF4 /* Application */ = {
			isa = PBXGroup;
			children = (
				BED645C22A4D6845005106D8 /* AppDelegate.swift */,
				BED645C42A4D6845005106D8 /* SceneDelegate.swift */,
				BED645C82A4D6845005106D8 /* Main.storyboard */,
				BED645D02A4D6846005106D8 /* LaunchScreen.storyboard */,
			);
			path = Application;
			sourceTree = "<group>";
		};
		BE086A6C2A56F781002E4BF4 /* Presenter */ = {
			isa = PBXGroup;
			children = (
				BE086A742A56F811002E4BF4 /* Global */,
				BE086A722A56F79C002E4BF4 /* Main */,
				BE086A712A56F79B002E4BF4 /* ClutchIntro */,
				BE086A702A56F799002E4BF4 /* Calculate */,
				BE086A6D2A56F78E002E4BF4 /* Report */,
				BE086A732A56F7BF002E4BF4 /* Mypage */,
				A223575D2A65272F00915DF0 /* Profile */,
				A207BC842A666567002AD898 /* Inquiry */,
			);
			path = Presenter;
			sourceTree = "<group>";
		};
		BE086A6D2A56F78E002E4BF4 /* Report */ = {
			isa = PBXGroup;
			children = (
				BE744AB32A4F26B1005F8F4F /* ReportViewController.swift */,
				BE9FF7992A6E9F840000DA88 /* datePickerViewController.swift */,
				09EBFACD2A710033004C8BE5 /* ContractInfoViewController.swift */,
				BE53C58C2A765D45000EF2C5 /* ReportDoneViewController.swift */,
				BE53C5902A765DF4000EF2C5 /* ReportDoneView.swift */,
				BE53C5922A766819000EF2C5 /* ReportStatusView.swift */,
				BE53C58E2A765D92000EF2C5 /* TextSampleView.swift */,
				09D990482A7393E0004F1349 /* ImageCell.swift */,
				09D9904A2A73A0BB004F1349 /* ButtonCell.swift */,
			);
			path = Report;
			sourceTree = "<group>";
		};
		BE086A702A56F799002E4BF4 /* Calculate */ = {
			isa = PBXGroup;
			children = (
				BE744AB12A4F2695005F8F4F /* CalculateViewController.swift */,
				A22F712E2A73951E007705C8 /* SecondCalculateViewController.swift */,
				A22F712C2A7394BE007705C8 /* ResultViewController.swift */,
				A286D4C82A77F9C000C3EB93 /* OutputView.swift */,
				A2CB67F72A80CA0000294F96 /* CalculateHistoryViewController.swift */,
				A20D8E792A81394900A43921 /* CalculateHistoryCell */,
			);
			path = Calculate;
			sourceTree = "<group>";
		};
		BE086A712A56F79B002E4BF4 /* ClutchIntro */ = {
			isa = PBXGroup;
			children = (
				BE744AAF2A4F2685005F8F4F /* ClutchIntroViewController.swift */,
			);
			path = ClutchIntro;
			sourceTree = "<group>";
		};
		BE086A722A56F79C002E4BF4 /* Main */ = {
			isa = PBXGroup;
			children = (
				BECEC6B42A6050EA00A177A0 /* loginViewController.swift */,
				BECEC6B62A6050F700A177A0 /* loginView.swift */,
				BE53C58A2A765AEA000EF2C5 /* UserInfoViewController.swift */,
				BED645C62A4D6845005106D8 /* MainViewController.swift */,
				BED645FD2A4D6BA6005106D8 /* MainCell */,
				BECEC6A22A5EDFDF00A177A0 /* faqViewController.swift */,
			);
			path = Main;
			sourceTree = "<group>";
		};
		BE086A732A56F7BF002E4BF4 /* Mypage */ = {
			isa = PBXGroup;
			children = (
				2C16A6B82A5F9ED9003D7013 /* Account */,
				BE744AB52A4F2769005F8F4F /* MypageViewController.swift */,
				A248A9962A5FD44D0053E66C /* MyPageCell */,
			);
			path = Mypage;
			sourceTree = "<group>";
		};
		BE086A742A56F811002E4BF4 /* Global */ = {
			isa = PBXGroup;
			children = (
				BEF1510C2A6E0D7700798D74 /* SampleScrollViewController */,
				BE40DC6F2A6A762C0007F588 /* InfoInput */,
				0912CBA92A68C28500139593 /* Custom */,
				BECEC6AF2A6016A400A177A0 /* Base */,
				BE086A782A56F859002E4BF4 /* Transition */,
				BE086A772A56F850002E4BF4 /* Extension */,
				BE086A762A56F847002E4BF4 /* SetFont */,
				BE086A752A56F83A002E4BF4 /* SetColor */,
			);
			path = Global;
			sourceTree = "<group>";
		};
		BE086A752A56F83A002E4BF4 /* SetColor */ = {
			isa = PBXGroup;
			children = (
				BE67E1DC2A4F140E002EB93C /* SetColor.swift */,
				BE67E1DA2A4F13BB002EB93C /* Color+Ext.swift */,
			);
			path = SetColor;
			sourceTree = "<group>";
		};
		BE086A762A56F847002E4BF4 /* SetFont */ = {
			isa = PBXGroup;
			children = (
				BE87AC8D2A5DA0B00002E4C6 /* SetFont.swift */,
			);
			path = SetFont;
			sourceTree = "<group>";
		};
		BE086A772A56F850002E4BF4 /* Extension */ = {
			isa = PBXGroup;
			children = (
				BECEC6AB2A60143200A177A0 /* ColorToImage.swift */,
			);
			path = Extension;
			sourceTree = "<group>";
		};
		BE086A782A56F859002E4BF4 /* Transition */ = {
			isa = PBXGroup;
			children = (
				BE87AC8B2A5D9C610002E4C6 /* TransitionViewController.swift */,
			);
			path = Transition;
			sourceTree = "<group>";
		};
		BE086A7C2A56FA85002E4BF4 /* clutch_iOS */ = {
			isa = PBXGroup;
			children = (
				BED645D32A4D6846005106D8 /* Info.plist */,
				BED645CB2A4D6845005106D8 /* clutch_iOS.xcdatamodeld */,
			);
			path = clutch_iOS;
			sourceTree = "<group>";
		};
		BE40DC6F2A6A762C0007F588 /* InfoInput */ = {
			isa = PBXGroup;
			children = (
				09EBFACF2A7107A4004C8BE5 /* CheckCell.swift */,
				BEABD8912A6FE0500015AC29 /* CheckContainer.swift */,
				BE40DC6B2A6A658F0007F588 /* TextInputView.swift */,
				BE9FF7972A6E9BD00000DA88 /* SmallTextInputView.swift */,
				BE40DC702A6A76620007F588 /* SampleViewController.swift */,
			);
			path = InfoInput;
			sourceTree = "<group>";
		};
		BE90A4D42A88B5870052FBC1 /* Data */ = {
			isa = PBXGroup;
			children = (
				BE90A4D62A88B59D0052FBC1 /* Model */,
				BE90A4D52A88B5920052FBC1 /* Network */,
			);
			path = Data;
			sourceTree = "<group>";
		};
		BE90A4D52A88B5920052FBC1 /* Network */ = {
			isa = PBXGroup;
			children = (
				BE90A4D92A88B8E30052FBC1 /* Ext + URL.swift */,
				BE90A4D72A88B5A70052FBC1 /* BaseEndpoint.swift */,
				BE90A4DB2A88BA9A0052FBC1 /* APIManger.swift */,
			);
			path = Network;
			sourceTree = "<group>";
		};
		BE90A4D62A88B59D0052FBC1 /* Model */ = {
			isa = PBXGroup;
			children = (
			);
			path = Model;
			sourceTree = "<group>";
		};
		BE9B7EAB2A7669A1005A86A5 /* Frameworks */ = {
			isa = PBXGroup;
			children = (
			);
			name = Frameworks;
			sourceTree = "<group>";
		};
		BECEC6A42A5EF4E300A177A0 /* Banner */ = {
			isa = PBXGroup;
			children = (
				BECEC6A92A5EF52B00A177A0 /* Banner1View.swift */,
				BECEC6A72A5EF52500A177A0 /* Banner2View.swift */,
			);
			path = Banner;
			sourceTree = "<group>";
		};
		BECEC6AF2A6016A400A177A0 /* Base */ = {
			isa = PBXGroup;
			children = (
				BECEC6B02A6016B100A177A0 /* BaseView.swift */,
				BECEC6B22A6016BB00A177A0 /* BaseViewController.swift */,
			);
			path = Base;
			sourceTree = "<group>";
		};
		BED645B62A4D6845005106D8 = {
			isa = PBXGroup;
			children = (
				BE4B03432A790C3F009285A3 /* Package.swift */,
				BE086A7C2A56FA85002E4BF4 /* clutch_iOS */,
				BE086A6A2A56F744002E4BF4 /* Resource */,
				BED645C12A4D6845005106D8 /* Source */,
				BED645DB2A4D6846005106D8 /* clutch_iOSTests */,
				BED645E52A4D6846005106D8 /* clutch_iOSUITests */,
				BED645C02A4D6845005106D8 /* Products */,
				BE9B7EAB2A7669A1005A86A5 /* Frameworks */,
			);
			sourceTree = "<group>";
		};
		BED645C02A4D6845005106D8 /* Products */ = {
			isa = PBXGroup;
			children = (
				BED645BF2A4D6845005106D8 /* clutch_iOS.app */,
				BED645D82A4D6846005106D8 /* clutch_iOSTests.xctest */,
				BED645E22A4D6846005106D8 /* clutch_iOSUITests.xctest */,
			);
			name = Products;
			sourceTree = "<group>";
		};
		BED645C12A4D6845005106D8 /* Source */ = {
			isa = PBXGroup;
			children = (
				BE90A4D42A88B5870052FBC1 /* Data */,
				BE086A6B2A56F767002E4BF4 /* Application */,
				BE086A6C2A56F781002E4BF4 /* Presenter */,
			);
			path = Source;
			sourceTree = "<group>";
		};
		BED645DB2A4D6846005106D8 /* clutch_iOSTests */ = {
			isa = PBXGroup;
			children = (
				BED645DC2A4D6846005106D8 /* clutch_iOSTests.swift */,
			);
			path = clutch_iOSTests;
			sourceTree = "<group>";
		};
		BED645E52A4D6846005106D8 /* clutch_iOSUITests */ = {
			isa = PBXGroup;
			children = (
				BED645E62A4D6846005106D8 /* clutch_iOSUITests.swift */,
				BED645E82A4D6846005106D8 /* clutch_iOSUITestsLaunchTests.swift */,
			);
			path = clutch_iOSUITests;
			sourceTree = "<group>";
		};
		BED645FD2A4D6BA6005106D8 /* MainCell */ = {
			isa = PBXGroup;
			children = (
				BED645F52A4D6968005106D8 /* MyCustomCell1.swift */,
				BECEC6A42A5EF4E300A177A0 /* Banner */,
				BED645F72A4D69CF005106D8 /* MyCustomCell2.swift */,
				BED645F92A4D69D7005106D8 /* MyCustomCell3.swift */,
				BED645FB2A4D69DE005106D8 /* MyCustomCell4.swift */,
			);
			path = MainCell;
			sourceTree = "<group>";
		};
		BEF1510C2A6E0D7700798D74 /* SampleScrollViewController */ = {
			isa = PBXGroup;
			children = (
				BEF1510D2A6E0DA500798D74 /* SampleScrollViewController.swift */,
			);
			path = SampleScrollViewController;
			sourceTree = "<group>";
		};
/* End PBXGroup section */

/* Begin PBXNativeTarget section */
		BED645BE2A4D6845005106D8 /* clutch_iOS */ = {
			isa = PBXNativeTarget;
			buildConfigurationList = BED645EC2A4D6846005106D8 /* Build configuration list for PBXNativeTarget "clutch_iOS" */;
			buildPhases = (
				BED645BB2A4D6845005106D8 /* Sources */,
				BED645BC2A4D6845005106D8 /* Frameworks */,
				BED645BD2A4D6845005106D8 /* Resources */,
			);
			buildRules = (
			);
			dependencies = (
			);
			name = clutch_iOS;
			packageProductDependencies = (
				BE85075B2A77EDFB009ADAD6 /* SnapKit */,
				BE4B03462A790DCD009285A3 /* Alamofire */,
				BE4B03572A7A2F28009285A3 /* YPImagePicker */,
				BE4B035A2A7A2F5D009285A3 /* IQKeyboardManagerSwift */,
				BE4B03602A7A3018009285A3 /* SwiftyGif */,
				BE90A4DE2A88BABE0052FBC1 /* SwiftyJSON */,
			);
			productName = clutch_iOS;
			productReference = BED645BF2A4D6845005106D8 /* clutch_iOS.app */;
			productType = "com.apple.product-type.application";
		};
		BED645D72A4D6846005106D8 /* clutch_iOSTests */ = {
			isa = PBXNativeTarget;
			buildConfigurationList = BED645EF2A4D6846005106D8 /* Build configuration list for PBXNativeTarget "clutch_iOSTests" */;
			buildPhases = (
				BED645D42A4D6846005106D8 /* Sources */,
				BED645D52A4D6846005106D8 /* Frameworks */,
				BED645D62A4D6846005106D8 /* Resources */,
			);
			buildRules = (
			);
			dependencies = (
				BED645DA2A4D6846005106D8 /* PBXTargetDependency */,
			);
			name = clutch_iOSTests;
			productName = clutch_iOSTests;
			productReference = BED645D82A4D6846005106D8 /* clutch_iOSTests.xctest */;
			productType = "com.apple.product-type.bundle.unit-test";
		};
		BED645E12A4D6846005106D8 /* clutch_iOSUITests */ = {
			isa = PBXNativeTarget;
			buildConfigurationList = BED645F22A4D6846005106D8 /* Build configuration list for PBXNativeTarget "clutch_iOSUITests" */;
			buildPhases = (
				BED645DE2A4D6846005106D8 /* Sources */,
				BED645DF2A4D6846005106D8 /* Frameworks */,
				BED645E02A4D6846005106D8 /* Resources */,
			);
			buildRules = (
			);
			dependencies = (
				BED645E42A4D6846005106D8 /* PBXTargetDependency */,
			);
			name = clutch_iOSUITests;
			productName = clutch_iOSUITests;
			productReference = BED645E22A4D6846005106D8 /* clutch_iOSUITests.xctest */;
			productType = "com.apple.product-type.bundle.ui-testing";
		};
/* End PBXNativeTarget section */

/* Begin PBXProject section */
		BED645B72A4D6845005106D8 /* Project object */ = {
			isa = PBXProject;
			attributes = {
				BuildIndependentTargetsInParallel = 1;
				LastSwiftUpdateCheck = 1430;
				LastUpgradeCheck = 1430;
				TargetAttributes = {
					BED645BE2A4D6845005106D8 = {
						CreatedOnToolsVersion = 14.3.1;
					};
					BED645D72A4D6846005106D8 = {
						CreatedOnToolsVersion = 14.3.1;
						TestTargetID = BED645BE2A4D6845005106D8;
					};
					BED645E12A4D6846005106D8 = {
						CreatedOnToolsVersion = 14.3.1;
						TestTargetID = BED645BE2A4D6845005106D8;
					};
				};
			};
			buildConfigurationList = BED645BA2A4D6845005106D8 /* Build configuration list for PBXProject "clutch_iOS" */;
			compatibilityVersion = "Xcode 14.0";
			developmentRegion = en;
			hasScannedForEncodings = 0;
			knownRegions = (
				en,
				Base,
			);
			mainGroup = BED645B62A4D6845005106D8;
			packageReferences = (
				BE85075A2A77EDFB009ADAD6 /* XCRemoteSwiftPackageReference "SnapKit" */,
				BE4B03452A790DCD009285A3 /* XCRemoteSwiftPackageReference "Alamofire" */,
				BE4B03562A7A2F28009285A3 /* XCRemoteSwiftPackageReference "YPImagePicker" */,
				BE4B03592A7A2F5D009285A3 /* XCRemoteSwiftPackageReference "IQKeyboardManager" */,
				BE4B035F2A7A3018009285A3 /* XCRemoteSwiftPackageReference "SwiftyGif" */,
				BE90A4DD2A88BABE0052FBC1 /* XCRemoteSwiftPackageReference "SwiftyJSON" */,
			);
			productRefGroup = BED645C02A4D6845005106D8 /* Products */;
			projectDirPath = "";
			projectRoot = "";
			targets = (
				BED645BE2A4D6845005106D8 /* clutch_iOS */,
				BED645D72A4D6846005106D8 /* clutch_iOSTests */,
				BED645E12A4D6846005106D8 /* clutch_iOSUITests */,
			);
		};
/* End PBXProject section */

/* Begin PBXResourcesBuildPhase section */
		BED645BD2A4D6845005106D8 /* Resources */ = {
			isa = PBXResourcesBuildPhase;
			buildActionMask = 2147483647;
			files = (
				09402EBB2A82160000B937C6 /* report_done.gif in Resources */,
				09BD19932A8ABF14009FD1DF /* img_clutch_main_home.gif in Resources */,
				09BD19922A8ABF14009FD1DF /* img_clutch_danger.gif in Resources */,
				BED645D22A4D6846005106D8 /* LaunchScreen.storyboard in Resources */,
				BED645CF2A4D6846005106D8 /* Assets.xcassets in Resources */,
				09BD19942A8ABF14009FD1DF /* img_clutch_safe.gif in Resources */,
				BED645CA2A4D6845005106D8 /* Main.storyboard in Resources */,
			);
			runOnlyForDeploymentPostprocessing = 0;
		};
		BED645D62A4D6846005106D8 /* Resources */ = {
			isa = PBXResourcesBuildPhase;
			buildActionMask = 2147483647;
			files = (
			);
			runOnlyForDeploymentPostprocessing = 0;
		};
		BED645E02A4D6846005106D8 /* Resources */ = {
			isa = PBXResourcesBuildPhase;
			buildActionMask = 2147483647;
			files = (
			);
			runOnlyForDeploymentPostprocessing = 0;
		};
/* End PBXResourcesBuildPhase section */

/* Begin PBXSourcesBuildPhase section */
		BED645BB2A4D6845005106D8 /* Sources */ = {
			isa = PBXSourcesBuildPhase;
			buildActionMask = 2147483647;
			files = (
				BED645F62A4D6968005106D8 /* MyCustomCell1.swift in Sources */,
				BECEC6A82A5EF52500A177A0 /* Banner2View.swift in Sources */,
				BE744AB42A4F26B1005F8F4F /* ReportViewController.swift in Sources */,
				A223575F2A65279900915DF0 /* ProfileViewController.swift in Sources */,
				BEABD8922A6FE0500015AC29 /* CheckContainer.swift in Sources */,
				BE53C58B2A765AEA000EF2C5 /* UserInfoViewController.swift in Sources */,
				BED645CD2A4D6845005106D8 /* clutch_iOS.xcdatamodeld in Sources */,
				0912CBAD2A68C60C00139593 /* CustomPopupViewController.swift in Sources */,
				BED645C72A4D6845005106D8 /* MainViewController.swift in Sources */,
				093EB0BC2A6F7DD400AC1F71 /* CustomPopupCell.swift in Sources */,
				BECEC6B32A6016BB00A177A0 /* BaseViewController.swift in Sources */,
				BE67E1DD2A4F140E002EB93C /* SetColor.swift in Sources */,
				0912CBAB2A68C28500139593 /* CustomAlertViewController.swift in Sources */,
				BE40DC712A6A76620007F588 /* SampleViewController.swift in Sources */,
				09D990492A7393E0004F1349 /* ImageCell.swift in Sources */,
				A248A99A2A5FD5330053E66C /* InfoCell.swift in Sources */,
				BED645F82A4D69CF005106D8 /* MyCustomCell2.swift in Sources */,
				A286D4C92A77F9C000C3EB93 /* OutputView.swift in Sources */,
				A207BC862A6665BC002AD898 /* InquiryViewController.swift in Sources */,
				A22D5DF22A65678100F8D536 /* InputScreen.swift in Sources */,
				A248A9982A5FD4C40053E66C /* HistoryCell.swift in Sources */,
				09EBFACE2A710033004C8BE5 /* ContractInfoViewController.swift in Sources */,
				BECEC6AC2A60143200A177A0 /* ColorToImage.swift in Sources */,
				BE744AB22A4F2695005F8F4F /* CalculateViewController.swift in Sources */,
				A22F712D2A7394BE007705C8 /* ResultViewController.swift in Sources */,
				BE744AB02A4F2685005F8F4F /* ClutchIntroViewController.swift in Sources */,
				BED645C32A4D6845005106D8 /* AppDelegate.swift in Sources */,
				BE4B03442A790C3F009285A3 /* Package.swift in Sources */,
				BE9FF79A2A6E9F840000DA88 /* datePickerViewController.swift in Sources */,
				BECEC6B72A6050F700A177A0 /* loginView.swift in Sources */,
				BE744AB62A4F2769005F8F4F /* MypageViewController.swift in Sources */,
				A248A99C2A5FD5410053E66C /* AccountCell.swift in Sources */,
				BE53C5932A766819000EF2C5 /* ReportStatusView.swift in Sources */,
				BEF1510E2A6E0DA500798D74 /* SampleScrollViewController.swift in Sources */,
				BED645FC2A4D69DE005106D8 /* MyCustomCell4.swift in Sources */,
				BE87AC8E2A5DA0B00002E4C6 /* SetFont.swift in Sources */,
				A2CB67F82A80CA0000294F96 /* CalculateHistoryViewController.swift in Sources */,
				BECEC6A32A5EDFDF00A177A0 /* faqViewController.swift in Sources */,
				BED645C52A4D6845005106D8 /* SceneDelegate.swift in Sources */,
				BE90A4DA2A88B8E30052FBC1 /* Ext + URL.swift in Sources */,
				BE53C58F2A765D92000EF2C5 /* TextSampleView.swift in Sources */,
				2C16A6BA2A5F9F08003D7013 /* WithdrawViewController.swift in Sources */,
				BECEC6AA2A5EF52B00A177A0 /* Banner1View.swift in Sources */,
				BE90A4D82A88B5A70052FBC1 /* BaseEndpoint.swift in Sources */,
				BE9FF7982A6E9BD00000DA88 /* SmallTextInputView.swift in Sources */,
				BED645FA2A4D69D7005106D8 /* MyCustomCell3.swift in Sources */,
				A2CB67FA2A80D78900294F96 /* CalculateHistoryCell.swift in Sources */,
				09D9904B2A73A0BB004F1349 /* ButtonCell.swift in Sources */,
				BECEC6B12A6016B100A177A0 /* BaseView.swift in Sources */,
				BE53C5912A765DF4000EF2C5 /* ReportDoneView.swift in Sources */,
				BE53C58D2A765D45000EF2C5 /* ReportDoneViewController.swift in Sources */,
				BE87AC8C2A5D9C610002E4C6 /* TransitionViewController.swift in Sources */,
				BE40DC6C2A6A658F0007F588 /* TextInputView.swift in Sources */,
				BE67E1DB2A4F13BB002EB93C /* Color+Ext.swift in Sources */,
				BE90A4DC2A88BA9A0052FBC1 /* APIManger.swift in Sources */,
				BECEC6B52A6050EA00A177A0 /* loginViewController.swift in Sources */,
				09EBFAD02A7107A4004C8BE5 /* CheckCell.swift in Sources */,
				A22F712F2A73951E007705C8 /* SecondCalculateViewController.swift in Sources */,
			);
			runOnlyForDeploymentPostprocessing = 0;
		};
		BED645D42A4D6846005106D8 /* Sources */ = {
			isa = PBXSourcesBuildPhase;
			buildActionMask = 2147483647;
			files = (
				BED645DD2A4D6846005106D8 /* clutch_iOSTests.swift in Sources */,
			);
			runOnlyForDeploymentPostprocessing = 0;
		};
		BED645DE2A4D6846005106D8 /* Sources */ = {
			isa = PBXSourcesBuildPhase;
			buildActionMask = 2147483647;
			files = (
				BED645E72A4D6846005106D8 /* clutch_iOSUITests.swift in Sources */,
				BED645E92A4D6846005106D8 /* clutch_iOSUITestsLaunchTests.swift in Sources */,
			);
			runOnlyForDeploymentPostprocessing = 0;
		};
/* End PBXSourcesBuildPhase section */

/* Begin PBXTargetDependency section */
		BED645DA2A4D6846005106D8 /* PBXTargetDependency */ = {
			isa = PBXTargetDependency;
			target = BED645BE2A4D6845005106D8 /* clutch_iOS */;
			targetProxy = BED645D92A4D6846005106D8 /* PBXContainerItemProxy */;
		};
		BED645E42A4D6846005106D8 /* PBXTargetDependency */ = {
			isa = PBXTargetDependency;
			target = BED645BE2A4D6845005106D8 /* clutch_iOS */;
			targetProxy = BED645E32A4D6846005106D8 /* PBXContainerItemProxy */;
		};
/* End PBXTargetDependency section */

/* Begin PBXVariantGroup section */
		BED645C82A4D6845005106D8 /* Main.storyboard */ = {
			isa = PBXVariantGroup;
			children = (
				BED645C92A4D6845005106D8 /* Base */,
			);
			name = Main.storyboard;
			sourceTree = "<group>";
		};
		BED645D02A4D6846005106D8 /* LaunchScreen.storyboard */ = {
			isa = PBXVariantGroup;
			children = (
				BED645D12A4D6846005106D8 /* Base */,
			);
			name = LaunchScreen.storyboard;
			sourceTree = "<group>";
		};
/* End PBXVariantGroup section */

/* Begin XCBuildConfiguration section */
		BED645EA2A4D6846005106D8 /* Debug */ = {
			isa = XCBuildConfiguration;
			buildSettings = {
				ALWAYS_SEARCH_USER_PATHS = NO;
				CLANG_ANALYZER_NONNULL = YES;
				CLANG_ANALYZER_NUMBER_OBJECT_CONVERSION = YES_AGGRESSIVE;
				CLANG_CXX_LANGUAGE_STANDARD = "gnu++20";
				CLANG_ENABLE_MODULES = YES;
				CLANG_ENABLE_OBJC_ARC = YES;
				CLANG_ENABLE_OBJC_WEAK = YES;
				CLANG_WARN_BLOCK_CAPTURE_AUTORELEASING = YES;
				CLANG_WARN_BOOL_CONVERSION = YES;
				CLANG_WARN_COMMA = YES;
				CLANG_WARN_CONSTANT_CONVERSION = YES;
				CLANG_WARN_DEPRECATED_OBJC_IMPLEMENTATIONS = YES;
				CLANG_WARN_DIRECT_OBJC_ISA_USAGE = YES_ERROR;
				CLANG_WARN_DOCUMENTATION_COMMENTS = YES;
				CLANG_WARN_EMPTY_BODY = YES;
				CLANG_WARN_ENUM_CONVERSION = YES;
				CLANG_WARN_INFINITE_RECURSION = YES;
				CLANG_WARN_INT_CONVERSION = YES;
				CLANG_WARN_NON_LITERAL_NULL_CONVERSION = YES;
				CLANG_WARN_OBJC_IMPLICIT_RETAIN_SELF = YES;
				CLANG_WARN_OBJC_LITERAL_CONVERSION = YES;
				CLANG_WARN_OBJC_ROOT_CLASS = YES_ERROR;
				CLANG_WARN_QUOTED_INCLUDE_IN_FRAMEWORK_HEADER = YES;
				CLANG_WARN_RANGE_LOOP_ANALYSIS = YES;
				CLANG_WARN_STRICT_PROTOTYPES = YES;
				CLANG_WARN_SUSPICIOUS_MOVE = YES;
				CLANG_WARN_UNGUARDED_AVAILABILITY = YES_AGGRESSIVE;
				CLANG_WARN_UNREACHABLE_CODE = YES;
				CLANG_WARN__DUPLICATE_METHOD_MATCH = YES;
				COPY_PHASE_STRIP = NO;
				DEBUG_INFORMATION_FORMAT = dwarf;
				ENABLE_STRICT_OBJC_MSGSEND = YES;
				ENABLE_TESTABILITY = YES;
				GCC_C_LANGUAGE_STANDARD = gnu11;
				GCC_DYNAMIC_NO_PIC = NO;
				GCC_NO_COMMON_BLOCKS = YES;
				GCC_OPTIMIZATION_LEVEL = 0;
				GCC_PREPROCESSOR_DEFINITIONS = (
					"DEBUG=1",
					"$(inherited)",
				);
				GCC_WARN_64_TO_32_BIT_CONVERSION = YES;
				GCC_WARN_ABOUT_RETURN_TYPE = YES_ERROR;
				GCC_WARN_UNDECLARED_SELECTOR = YES;
				GCC_WARN_UNINITIALIZED_AUTOS = YES_AGGRESSIVE;
				GCC_WARN_UNUSED_FUNCTION = YES;
				GCC_WARN_UNUSED_VARIABLE = YES;
				INFOPLIST_KEY_NSCameraUsageDescription = "\"카메라를 사용하여 사진을 찍습니다\"";
				INFOPLIST_KEY_NSPhotoLibraryUsageDescription = "\"갤러리에 접근하여 사진을 선택합니다\"";
				IPHONEOS_DEPLOYMENT_TARGET = 16.4;
				MTL_ENABLE_DEBUG_INFO = INCLUDE_SOURCE;
				MTL_FAST_MATH = YES;
				ONLY_ACTIVE_ARCH = YES;
				SDKROOT = iphoneos;
				SWIFT_ACTIVE_COMPILATION_CONDITIONS = DEBUG;
				SWIFT_OPTIMIZATION_LEVEL = "-Onone";
			};
			name = Debug;
		};
		BED645EB2A4D6846005106D8 /* Release */ = {
			isa = XCBuildConfiguration;
			buildSettings = {
				ALWAYS_SEARCH_USER_PATHS = NO;
				CLANG_ANALYZER_NONNULL = YES;
				CLANG_ANALYZER_NUMBER_OBJECT_CONVERSION = YES_AGGRESSIVE;
				CLANG_CXX_LANGUAGE_STANDARD = "gnu++20";
				CLANG_ENABLE_MODULES = YES;
				CLANG_ENABLE_OBJC_ARC = YES;
				CLANG_ENABLE_OBJC_WEAK = YES;
				CLANG_WARN_BLOCK_CAPTURE_AUTORELEASING = YES;
				CLANG_WARN_BOOL_CONVERSION = YES;
				CLANG_WARN_COMMA = YES;
				CLANG_WARN_CONSTANT_CONVERSION = YES;
				CLANG_WARN_DEPRECATED_OBJC_IMPLEMENTATIONS = YES;
				CLANG_WARN_DIRECT_OBJC_ISA_USAGE = YES_ERROR;
				CLANG_WARN_DOCUMENTATION_COMMENTS = YES;
				CLANG_WARN_EMPTY_BODY = YES;
				CLANG_WARN_ENUM_CONVERSION = YES;
				CLANG_WARN_INFINITE_RECURSION = YES;
				CLANG_WARN_INT_CONVERSION = YES;
				CLANG_WARN_NON_LITERAL_NULL_CONVERSION = YES;
				CLANG_WARN_OBJC_IMPLICIT_RETAIN_SELF = YES;
				CLANG_WARN_OBJC_LITERAL_CONVERSION = YES;
				CLANG_WARN_OBJC_ROOT_CLASS = YES_ERROR;
				CLANG_WARN_QUOTED_INCLUDE_IN_FRAMEWORK_HEADER = YES;
				CLANG_WARN_RANGE_LOOP_ANALYSIS = YES;
				CLANG_WARN_STRICT_PROTOTYPES = YES;
				CLANG_WARN_SUSPICIOUS_MOVE = YES;
				CLANG_WARN_UNGUARDED_AVAILABILITY = YES_AGGRESSIVE;
				CLANG_WARN_UNREACHABLE_CODE = YES;
				CLANG_WARN__DUPLICATE_METHOD_MATCH = YES;
				COPY_PHASE_STRIP = NO;
				DEBUG_INFORMATION_FORMAT = "dwarf-with-dsym";
				ENABLE_NS_ASSERTIONS = NO;
				ENABLE_STRICT_OBJC_MSGSEND = YES;
				GCC_C_LANGUAGE_STANDARD = gnu11;
				GCC_NO_COMMON_BLOCKS = YES;
				GCC_WARN_64_TO_32_BIT_CONVERSION = YES;
				GCC_WARN_ABOUT_RETURN_TYPE = YES_ERROR;
				GCC_WARN_UNDECLARED_SELECTOR = YES;
				GCC_WARN_UNINITIALIZED_AUTOS = YES_AGGRESSIVE;
				GCC_WARN_UNUSED_FUNCTION = YES;
				GCC_WARN_UNUSED_VARIABLE = YES;
				INFOPLIST_KEY_NSCameraUsageDescription = "\"카메라를 사용하여 사진을 찍습니다\"";
				INFOPLIST_KEY_NSPhotoLibraryUsageDescription = "\"갤러리에 접근하여 사진을 선택합니다\"";
				IPHONEOS_DEPLOYMENT_TARGET = 16.4;
				MTL_ENABLE_DEBUG_INFO = NO;
				MTL_FAST_MATH = YES;
				SDKROOT = iphoneos;
				SWIFT_COMPILATION_MODE = wholemodule;
				SWIFT_OPTIMIZATION_LEVEL = "-O";
				VALIDATE_PRODUCT = YES;
			};
			name = Release;
		};
		BED645ED2A4D6846005106D8 /* Debug */ = {
			isa = XCBuildConfiguration;
			buildSettings = {
				ASSETCATALOG_COMPILER_APPICON_NAME = AppIcon;
				ASSETCATALOG_COMPILER_GLOBAL_ACCENT_COLOR_NAME = AccentColor;
				CODE_SIGN_STYLE = Automatic;
				CURRENT_PROJECT_VERSION = 1;
				DEVELOPMENT_TEAM = 7HDHR2SNR7;
				GENERATE_INFOPLIST_FILE = YES;
				INFOPLIST_FILE = clutch_iOS/Info.plist;
				INFOPLIST_KEY_UIApplicationSupportsIndirectInputEvents = YES;
				INFOPLIST_KEY_UILaunchStoryboardName = LaunchScreen;
				INFOPLIST_KEY_UIMainStoryboardFile = Main;
				INFOPLIST_KEY_UISupportedInterfaceOrientations_iPad = "UIInterfaceOrientationPortrait UIInterfaceOrientationPortraitUpsideDown UIInterfaceOrientationLandscapeLeft UIInterfaceOrientationLandscapeRight";
				INFOPLIST_KEY_UISupportedInterfaceOrientations_iPhone = "UIInterfaceOrientationPortrait UIInterfaceOrientationLandscapeLeft UIInterfaceOrientationLandscapeRight";
				IPHONEOS_DEPLOYMENT_TARGET = 16.0;
				LD_RUNPATH_SEARCH_PATHS = (
					"$(inherited)",
					"@executable_path/Frameworks",
				);
				MARKETING_VERSION = 1.0;
				PRODUCT_BUNDLE_IDENTIFIER = "alert.clutch-iOS";
				PRODUCT_NAME = "$(TARGET_NAME)";
				SUPPORTED_PLATFORMS = "iphoneos iphonesimulator";
				SUPPORTS_MACCATALYST = NO;
				SUPPORTS_MAC_DESIGNED_FOR_IPHONE_IPAD = NO;
				SWIFT_EMIT_LOC_STRINGS = YES;
				SWIFT_VERSION = 5.0;
				TARGETED_DEVICE_FAMILY = 1;
			};
			name = Debug;
		};
		BED645EE2A4D6846005106D8 /* Release */ = {
			isa = XCBuildConfiguration;
			buildSettings = {
				ASSETCATALOG_COMPILER_APPICON_NAME = AppIcon;
				ASSETCATALOG_COMPILER_GLOBAL_ACCENT_COLOR_NAME = AccentColor;
				CODE_SIGN_STYLE = Automatic;
				CURRENT_PROJECT_VERSION = 1;
				DEVELOPMENT_TEAM = 7HDHR2SNR7;
				GENERATE_INFOPLIST_FILE = YES;
				INFOPLIST_FILE = clutch_iOS/Info.plist;
				INFOPLIST_KEY_UIApplicationSupportsIndirectInputEvents = YES;
				INFOPLIST_KEY_UILaunchStoryboardName = LaunchScreen;
				INFOPLIST_KEY_UIMainStoryboardFile = Main;
				INFOPLIST_KEY_UISupportedInterfaceOrientations_iPad = "UIInterfaceOrientationPortrait UIInterfaceOrientationPortraitUpsideDown UIInterfaceOrientationLandscapeLeft UIInterfaceOrientationLandscapeRight";
				INFOPLIST_KEY_UISupportedInterfaceOrientations_iPhone = "UIInterfaceOrientationPortrait UIInterfaceOrientationLandscapeLeft UIInterfaceOrientationLandscapeRight";
				IPHONEOS_DEPLOYMENT_TARGET = 16.0;
				LD_RUNPATH_SEARCH_PATHS = (
					"$(inherited)",
					"@executable_path/Frameworks",
				);
				MARKETING_VERSION = 1.0;
				PRODUCT_BUNDLE_IDENTIFIER = "alert.clutch-iOS";
				PRODUCT_NAME = "$(TARGET_NAME)";
				SUPPORTED_PLATFORMS = "iphoneos iphonesimulator";
				SUPPORTS_MACCATALYST = NO;
				SUPPORTS_MAC_DESIGNED_FOR_IPHONE_IPAD = NO;
				SWIFT_EMIT_LOC_STRINGS = YES;
				SWIFT_VERSION = 5.0;
				TARGETED_DEVICE_FAMILY = 1;
			};
			name = Release;
		};
		BED645F02A4D6846005106D8 /* Debug */ = {
			isa = XCBuildConfiguration;
			buildSettings = {
				ALWAYS_EMBED_SWIFT_STANDARD_LIBRARIES = YES;
				BUNDLE_LOADER = "$(TEST_HOST)";
				CODE_SIGN_STYLE = Automatic;
				CURRENT_PROJECT_VERSION = 1;
				DEVELOPMENT_TEAM = 7HDHR2SNR7;
				GENERATE_INFOPLIST_FILE = YES;
				IPHONEOS_DEPLOYMENT_TARGET = 16.4;
				MARKETING_VERSION = 1.0;
				PRODUCT_BUNDLE_IDENTIFIER = "alert.clutch-iOSTests";
				PRODUCT_NAME = "$(TARGET_NAME)";
				SWIFT_EMIT_LOC_STRINGS = NO;
				SWIFT_VERSION = 5.0;
				TARGETED_DEVICE_FAMILY = "1,2";
				TEST_HOST = "$(BUILT_PRODUCTS_DIR)/clutch_iOS.app/$(BUNDLE_EXECUTABLE_FOLDER_PATH)/clutch_iOS";
			};
			name = Debug;
		};
		BED645F12A4D6846005106D8 /* Release */ = {
			isa = XCBuildConfiguration;
			buildSettings = {
				ALWAYS_EMBED_SWIFT_STANDARD_LIBRARIES = YES;
				BUNDLE_LOADER = "$(TEST_HOST)";
				CODE_SIGN_STYLE = Automatic;
				CURRENT_PROJECT_VERSION = 1;
				DEVELOPMENT_TEAM = 7HDHR2SNR7;
				GENERATE_INFOPLIST_FILE = YES;
				IPHONEOS_DEPLOYMENT_TARGET = 16.4;
				MARKETING_VERSION = 1.0;
				PRODUCT_BUNDLE_IDENTIFIER = "alert.clutch-iOSTests";
				PRODUCT_NAME = "$(TARGET_NAME)";
				SWIFT_EMIT_LOC_STRINGS = NO;
				SWIFT_VERSION = 5.0;
				TARGETED_DEVICE_FAMILY = "1,2";
				TEST_HOST = "$(BUILT_PRODUCTS_DIR)/clutch_iOS.app/$(BUNDLE_EXECUTABLE_FOLDER_PATH)/clutch_iOS";
			};
			name = Release;
		};
		BED645F32A4D6846005106D8 /* Debug */ = {
			isa = XCBuildConfiguration;
			buildSettings = {
				ALWAYS_EMBED_SWIFT_STANDARD_LIBRARIES = YES;
				CODE_SIGN_STYLE = Automatic;
				CURRENT_PROJECT_VERSION = 1;
				DEVELOPMENT_TEAM = 7HDHR2SNR7;
				GENERATE_INFOPLIST_FILE = YES;
				MARKETING_VERSION = 1.0;
				PRODUCT_BUNDLE_IDENTIFIER = "alert.clutch-iOSUITests";
				PRODUCT_NAME = "$(TARGET_NAME)";
				SWIFT_EMIT_LOC_STRINGS = NO;
				SWIFT_VERSION = 5.0;
				TARGETED_DEVICE_FAMILY = "1,2";
				TEST_TARGET_NAME = clutch_iOS;
			};
			name = Debug;
		};
		BED645F42A4D6846005106D8 /* Release */ = {
			isa = XCBuildConfiguration;
			buildSettings = {
				ALWAYS_EMBED_SWIFT_STANDARD_LIBRARIES = YES;
				CODE_SIGN_STYLE = Automatic;
				CURRENT_PROJECT_VERSION = 1;
				DEVELOPMENT_TEAM = 7HDHR2SNR7;
				GENERATE_INFOPLIST_FILE = YES;
				MARKETING_VERSION = 1.0;
				PRODUCT_BUNDLE_IDENTIFIER = "alert.clutch-iOSUITests";
				PRODUCT_NAME = "$(TARGET_NAME)";
				SWIFT_EMIT_LOC_STRINGS = NO;
				SWIFT_VERSION = 5.0;
				TARGETED_DEVICE_FAMILY = "1,2";
				TEST_TARGET_NAME = clutch_iOS;
			};
			name = Release;
		};
/* End XCBuildConfiguration section */

/* Begin XCConfigurationList section */
		BED645BA2A4D6845005106D8 /* Build configuration list for PBXProject "clutch_iOS" */ = {
			isa = XCConfigurationList;
			buildConfigurations = (
				BED645EA2A4D6846005106D8 /* Debug */,
				BED645EB2A4D6846005106D8 /* Release */,
			);
			defaultConfigurationIsVisible = 0;
			defaultConfigurationName = Release;
		};
		BED645EC2A4D6846005106D8 /* Build configuration list for PBXNativeTarget "clutch_iOS" */ = {
			isa = XCConfigurationList;
			buildConfigurations = (
				BED645ED2A4D6846005106D8 /* Debug */,
				BED645EE2A4D6846005106D8 /* Release */,
			);
			defaultConfigurationIsVisible = 0;
			defaultConfigurationName = Release;
		};
		BED645EF2A4D6846005106D8 /* Build configuration list for PBXNativeTarget "clutch_iOSTests" */ = {
			isa = XCConfigurationList;
			buildConfigurations = (
				BED645F02A4D6846005106D8 /* Debug */,
				BED645F12A4D6846005106D8 /* Release */,
			);
			defaultConfigurationIsVisible = 0;
			defaultConfigurationName = Release;
		};
		BED645F22A4D6846005106D8 /* Build configuration list for PBXNativeTarget "clutch_iOSUITests" */ = {
			isa = XCConfigurationList;
			buildConfigurations = (
				BED645F32A4D6846005106D8 /* Debug */,
				BED645F42A4D6846005106D8 /* Release */,
			);
			defaultConfigurationIsVisible = 0;
			defaultConfigurationName = Release;
		};
/* End XCConfigurationList section */

/* Begin XCRemoteSwiftPackageReference section */
		BE4B03452A790DCD009285A3 /* XCRemoteSwiftPackageReference "Alamofire" */ = {
			isa = XCRemoteSwiftPackageReference;
			repositoryURL = "https://github.com/Alamofire/Alamofire";
			requirement = {
				kind = upToNextMinorVersion;
				minimumVersion = 5.7.0;
			};
		};
		BE4B03562A7A2F28009285A3 /* XCRemoteSwiftPackageReference "YPImagePicker" */ = {
			isa = XCRemoteSwiftPackageReference;
			repositoryURL = "https://github.com/Yummypets/YPImagePicker";
			requirement = {
				kind = upToNextMinorVersion;
				minimumVersion = 5.2.0;
			};
		};
		BE4B03592A7A2F5D009285A3 /* XCRemoteSwiftPackageReference "IQKeyboardManager" */ = {
			isa = XCRemoteSwiftPackageReference;
			repositoryURL = "https://github.com/hackiftekhar/IQKeyboardManager";
			requirement = {
				kind = upToNextMinorVersion;
				minimumVersion = 6.5.0;
			};
		};
		BE4B035F2A7A3018009285A3 /* XCRemoteSwiftPackageReference "SwiftyGif" */ = {
			isa = XCRemoteSwiftPackageReference;
			repositoryURL = "https://github.com/kirualex/SwiftyGif";
			requirement = {
				kind = upToNextMinorVersion;
				minimumVersion = 5.4.0;
			};
		};
		BE85075A2A77EDFB009ADAD6 /* XCRemoteSwiftPackageReference "SnapKit" */ = {
			isa = XCRemoteSwiftPackageReference;
			repositoryURL = "https://github.com/SnapKit/SnapKit.git";
			requirement = {
				kind = upToNextMinorVersion;
				minimumVersion = 5.6.0;
			};
		};
		BE90A4DD2A88BABE0052FBC1 /* XCRemoteSwiftPackageReference "SwiftyJSON" */ = {
			isa = XCRemoteSwiftPackageReference;
			repositoryURL = "https://github.com/SwiftyJSON/SwiftyJSON";
			requirement = {
				kind = upToNextMajorVersion;
				minimumVersion = 5.0.0;
			};
		};
/* End XCRemoteSwiftPackageReference section */

/* Begin XCSwiftPackageProductDependency section */
		BE4B03462A790DCD009285A3 /* Alamofire */ = {
			isa = XCSwiftPackageProductDependency;
			package = BE4B03452A790DCD009285A3 /* XCRemoteSwiftPackageReference "Alamofire" */;
			productName = Alamofire;
		};
		BE4B03572A7A2F28009285A3 /* YPImagePicker */ = {
			isa = XCSwiftPackageProductDependency;
			package = BE4B03562A7A2F28009285A3 /* XCRemoteSwiftPackageReference "YPImagePicker" */;
			productName = YPImagePicker;
		};
		BE4B035A2A7A2F5D009285A3 /* IQKeyboardManagerSwift */ = {
			isa = XCSwiftPackageProductDependency;
			package = BE4B03592A7A2F5D009285A3 /* XCRemoteSwiftPackageReference "IQKeyboardManager" */;
			productName = IQKeyboardManagerSwift;
		};
		BE4B03602A7A3018009285A3 /* SwiftyGif */ = {
			isa = XCSwiftPackageProductDependency;
			package = BE4B035F2A7A3018009285A3 /* XCRemoteSwiftPackageReference "SwiftyGif" */;
			productName = SwiftyGif;
		};
		BE85075B2A77EDFB009ADAD6 /* SnapKit */ = {
			isa = XCSwiftPackageProductDependency;
			package = BE85075A2A77EDFB009ADAD6 /* XCRemoteSwiftPackageReference "SnapKit" */;
			productName = SnapKit;
		};
		BE90A4DE2A88BABE0052FBC1 /* SwiftyJSON */ = {
			isa = XCSwiftPackageProductDependency;
			package = BE90A4DD2A88BABE0052FBC1 /* XCRemoteSwiftPackageReference "SwiftyJSON" */;
			productName = SwiftyJSON;
		};
/* End XCSwiftPackageProductDependency section */

/* Begin XCVersionGroup section */
		BED645CB2A4D6845005106D8 /* clutch_iOS.xcdatamodeld */ = {
			isa = XCVersionGroup;
			children = (
				BED645CC2A4D6845005106D8 /* clutch_iOS.xcdatamodel */,
			);
			currentVersion = BED645CC2A4D6845005106D8 /* clutch_iOS.xcdatamodel */;
			path = clutch_iOS.xcdatamodeld;
			sourceTree = "<group>";
			versionGroupType = wrapper.xcdatamodel;
		};
/* End XCVersionGroup section */
	};
	rootObject = BED645B72A4D6845005106D8 /* Project object */;
}
