// !$*UTF8*$!
{
	archiveVersion = 1;
	classes = {
	};
	objectVersion = 56;
	objects = {

/* Begin PBXBuildFile section */
		0912CBAB2A68C28500139593 /* CustomAlertViewController.swift in Sources */ = {isa = PBXBuildFile; fileRef = 0912CBAA2A68C28500139593 /* CustomAlertViewController.swift */; };
		2C16A6BA2A5F9F08003D7013 /* WithdrawViewController.swift in Sources */ = {isa = PBXBuildFile; fileRef = 2C16A6B92A5F9F08003D7013 /* WithdrawViewController.swift */; };
		5F7F6386A21E2A69A0693E91 /* libPods-clutch_iOS.a in Frameworks */ = {isa = PBXBuildFile; fileRef = C5205AA308C3164009CA681C /* libPods-clutch_iOS.a */; };
		A207BC862A6665BC002AD898 /* InquiryViewController.swift in Sources */ = {isa = PBXBuildFile; fileRef = A207BC852A6665BC002AD898 /* InquiryViewController.swift */; };
		A223575F2A65279900915DF0 /* ProfileViewController.swift in Sources */ = {isa = PBXBuildFile; fileRef = A223575E2A65279900915DF0 /* ProfileViewController.swift */; };
		A22D5DF22A65678100F8D536 /* InputScreen.swift in Sources */ = {isa = PBXBuildFile; fileRef = A22D5DF12A65678100F8D536 /* InputScreen.swift */; };
		A248A9982A5FD4C40053E66C /* HistoryCell.swift in Sources */ = {isa = PBXBuildFile; fileRef = A248A9972A5FD4C40053E66C /* HistoryCell.swift */; };
		A248A99A2A5FD5330053E66C /* InfoCell.swift in Sources */ = {isa = PBXBuildFile; fileRef = A248A9992A5FD5330053E66C /* InfoCell.swift */; };
		A248A99C2A5FD5410053E66C /* AccountCell.swift in Sources */ = {isa = PBXBuildFile; fileRef = A248A99B2A5FD5410053E66C /* AccountCell.swift */; };
		BE40DC6C2A6A658F0007F588 /* TextInputView.swift in Sources */ = {isa = PBXBuildFile; fileRef = BE40DC6B2A6A658F0007F588 /* TextInputView.swift */; };
		BE40DC6E2A6A67300007F588 /* CheckContainer.swift in Sources */ = {isa = PBXBuildFile; fileRef = BE40DC6D2A6A67300007F588 /* CheckContainer.swift */; };
		BE40DC712A6A76620007F588 /* SampleViewController.swift in Sources */ = {isa = PBXBuildFile; fileRef = BE40DC702A6A76620007F588 /* SampleViewController.swift */; };
		BE67E1DB2A4F13BB002EB93C /* Color+Ext.swift in Sources */ = {isa = PBXBuildFile; fileRef = BE67E1DA2A4F13BB002EB93C /* Color+Ext.swift */; };
		BE67E1DD2A4F140E002EB93C /* SetColor.swift in Sources */ = {isa = PBXBuildFile; fileRef = BE67E1DC2A4F140E002EB93C /* SetColor.swift */; };
		BE744AB02A4F2685005F8F4F /* ClutchIntroViewController.swift in Sources */ = {isa = PBXBuildFile; fileRef = BE744AAF2A4F2685005F8F4F /* ClutchIntroViewController.swift */; };
		BE744AB22A4F2695005F8F4F /* CalculateViewController.swift in Sources */ = {isa = PBXBuildFile; fileRef = BE744AB12A4F2695005F8F4F /* CalculateViewController.swift */; };
		BE744AB42A4F26B1005F8F4F /* ReportViewController.swift in Sources */ = {isa = PBXBuildFile; fileRef = BE744AB32A4F26B1005F8F4F /* ReportViewController.swift */; };
		BE744AB62A4F2769005F8F4F /* MypageViewController.swift in Sources */ = {isa = PBXBuildFile; fileRef = BE744AB52A4F2769005F8F4F /* MypageViewController.swift */; };
		BE87AC8C2A5D9C610002E4C6 /* TransitionViewController.swift in Sources */ = {isa = PBXBuildFile; fileRef = BE87AC8B2A5D9C610002E4C6 /* TransitionViewController.swift */; };
		BE87AC8E2A5DA0B00002E4C6 /* SetFont.swift in Sources */ = {isa = PBXBuildFile; fileRef = BE87AC8D2A5DA0B00002E4C6 /* SetFont.swift */; };
		BECEC6A32A5EDFDF00A177A0 /* faqViewController.swift in Sources */ = {isa = PBXBuildFile; fileRef = BECEC6A22A5EDFDF00A177A0 /* faqViewController.swift */; };
		BECEC6A62A5EF51C00A177A0 /* Banner1View.swift in Sources */ = {isa = PBXBuildFile; fileRef = BECEC6A52A5EF51C00A177A0 /* Banner1View.swift */; };
		BECEC6A82A5EF52500A177A0 /* Banner2View.swift in Sources */ = {isa = PBXBuildFile; fileRef = BECEC6A72A5EF52500A177A0 /* Banner2View.swift */; };
		BECEC6AA2A5EF52B00A177A0 /* Banner3View.swift in Sources */ = {isa = PBXBuildFile; fileRef = BECEC6A92A5EF52B00A177A0 /* Banner3View.swift */; };
		BECEC6AC2A60143200A177A0 /* ColorToImage.swift in Sources */ = {isa = PBXBuildFile; fileRef = BECEC6AB2A60143200A177A0 /* ColorToImage.swift */; };
		BECEC6B12A6016B100A177A0 /* BaseView.swift in Sources */ = {isa = PBXBuildFile; fileRef = BECEC6B02A6016B100A177A0 /* BaseView.swift */; };
		BECEC6B32A6016BB00A177A0 /* BaseViewController.swift in Sources */ = {isa = PBXBuildFile; fileRef = BECEC6B22A6016BB00A177A0 /* BaseViewController.swift */; };
		BECEC6B52A6050EA00A177A0 /* loginViewController.swift in Sources */ = {isa = PBXBuildFile; fileRef = BECEC6B42A6050EA00A177A0 /* loginViewController.swift */; };
		BECEC6B72A6050F700A177A0 /* loginView.swift in Sources */ = {isa = PBXBuildFile; fileRef = BECEC6B62A6050F700A177A0 /* loginView.swift */; };
		BED645C32A4D6845005106D8 /* AppDelegate.swift in Sources */ = {isa = PBXBuildFile; fileRef = BED645C22A4D6845005106D8 /* AppDelegate.swift */; };
		BED645C52A4D6845005106D8 /* SceneDelegate.swift in Sources */ = {isa = PBXBuildFile; fileRef = BED645C42A4D6845005106D8 /* SceneDelegate.swift */; };
		BED645C72A4D6845005106D8 /* MainViewController.swift in Sources */ = {isa = PBXBuildFile; fileRef = BED645C62A4D6845005106D8 /* MainViewController.swift */; };
		BED645CA2A4D6845005106D8 /* Main.storyboard in Resources */ = {isa = PBXBuildFile; fileRef = BED645C82A4D6845005106D8 /* Main.storyboard */; };
		BED645CD2A4D6845005106D8 /* clutch_iOS.xcdatamodeld in Sources */ = {isa = PBXBuildFile; fileRef = BED645CB2A4D6845005106D8 /* clutch_iOS.xcdatamodeld */; };
		BED645CF2A4D6846005106D8 /* Assets.xcassets in Resources */ = {isa = PBXBuildFile; fileRef = BED645CE2A4D6846005106D8 /* Assets.xcassets */; };
		BED645D22A4D6846005106D8 /* LaunchScreen.storyboard in Resources */ = {isa = PBXBuildFile; fileRef = BED645D02A4D6846005106D8 /* LaunchScreen.storyboard */; };
		BED645DD2A4D6846005106D8 /* clutch_iOSTests.swift in Sources */ = {isa = PBXBuildFile; fileRef = BED645DC2A4D6846005106D8 /* clutch_iOSTests.swift */; };
		BED645E72A4D6846005106D8 /* clutch_iOSUITests.swift in Sources */ = {isa = PBXBuildFile; fileRef = BED645E62A4D6846005106D8 /* clutch_iOSUITests.swift */; };
		BED645E92A4D6846005106D8 /* clutch_iOSUITestsLaunchTests.swift in Sources */ = {isa = PBXBuildFile; fileRef = BED645E82A4D6846005106D8 /* clutch_iOSUITestsLaunchTests.swift */; };
		BED645F62A4D6968005106D8 /* MyCustomCell1.swift in Sources */ = {isa = PBXBuildFile; fileRef = BED645F52A4D6968005106D8 /* MyCustomCell1.swift */; };
		BED645F82A4D69CF005106D8 /* MyCustomCell2.swift in Sources */ = {isa = PBXBuildFile; fileRef = BED645F72A4D69CF005106D8 /* MyCustomCell2.swift */; };
		BED645FA2A4D69D7005106D8 /* MyCustomCell3.swift in Sources */ = {isa = PBXBuildFile; fileRef = BED645F92A4D69D7005106D8 /* MyCustomCell3.swift */; };
		BED645FC2A4D69DE005106D8 /* MyCustomCell4.swift in Sources */ = {isa = PBXBuildFile; fileRef = BED645FB2A4D69DE005106D8 /* MyCustomCell4.swift */; };
/* End PBXBuildFile section */

/* Begin PBXContainerItemProxy section */
		BED645D92A4D6846005106D8 /* PBXContainerItemProxy */ = {
			isa = PBXContainerItemProxy;
			containerPortal = BED645B72A4D6845005106D8 /* Project object */;
			proxyType = 1;
			remoteGlobalIDString = BED645BE2A4D6845005106D8;
			remoteInfo = clutch_iOS;
		};
		BED645E32A4D6846005106D8 /* PBXContainerItemProxy */ = {
			isa = PBXContainerItemProxy;
			containerPortal = BED645B72A4D6845005106D8 /* Project object */;
			proxyType = 1;
			remoteGlobalIDString = BED645BE2A4D6845005106D8;
			remoteInfo = clutch_iOS;
		};
/* End PBXContainerItemProxy section */

/* Begin PBXFileReference section */
		029110AB3B804C4470BE9F1A /* Pods-clutch_iOS.release.xcconfig */ = {isa = PBXFileReference; includeInIndex = 1; lastKnownFileType = text.xcconfig; name = "Pods-clutch_iOS.release.xcconfig"; path = "Target Support Files/Pods-clutch_iOS/Pods-clutch_iOS.release.xcconfig"; sourceTree = "<group>"; };
		0912CBAA2A68C28500139593 /* CustomAlertViewController.swift */ = {isa = PBXFileReference; fileEncoding = 4; lastKnownFileType = sourcecode.swift; path = CustomAlertViewController.swift; sourceTree = "<group>"; };
		2C16A6B92A5F9F08003D7013 /* WithdrawViewController.swift */ = {isa = PBXFileReference; lastKnownFileType = sourcecode.swift; path = WithdrawViewController.swift; sourceTree = "<group>"; };
		A207BC852A6665BC002AD898 /* InquiryViewController.swift */ = {isa = PBXFileReference; lastKnownFileType = sourcecode.swift; path = InquiryViewController.swift; sourceTree = "<group>"; };
		A223575E2A65279900915DF0 /* ProfileViewController.swift */ = {isa = PBXFileReference; lastKnownFileType = sourcecode.swift; path = ProfileViewController.swift; sourceTree = "<group>"; };
		A22D5DF12A65678100F8D536 /* InputScreen.swift */ = {isa = PBXFileReference; lastKnownFileType = sourcecode.swift; path = InputScreen.swift; sourceTree = "<group>"; };
		A248A9972A5FD4C40053E66C /* HistoryCell.swift */ = {isa = PBXFileReference; lastKnownFileType = sourcecode.swift; path = HistoryCell.swift; sourceTree = "<group>"; };
		A248A9992A5FD5330053E66C /* InfoCell.swift */ = {isa = PBXFileReference; lastKnownFileType = sourcecode.swift; path = InfoCell.swift; sourceTree = "<group>"; };
		A248A99B2A5FD5410053E66C /* AccountCell.swift */ = {isa = PBXFileReference; lastKnownFileType = sourcecode.swift; path = AccountCell.swift; sourceTree = "<group>"; };
		A2C1035267FB099F808417D3 /* Pods-clutch_iOS.debug.xcconfig */ = {isa = PBXFileReference; includeInIndex = 1; lastKnownFileType = text.xcconfig; name = "Pods-clutch_iOS.debug.xcconfig"; path = "Target Support Files/Pods-clutch_iOS/Pods-clutch_iOS.debug.xcconfig"; sourceTree = "<group>"; };
		BE40DC6B2A6A658F0007F588 /* TextInputView.swift */ = {isa = PBXFileReference; lastKnownFileType = sourcecode.swift; path = TextInputView.swift; sourceTree = "<group>"; };
		BE40DC6D2A6A67300007F588 /* CheckContainer.swift */ = {isa = PBXFileReference; lastKnownFileType = sourcecode.swift; path = CheckContainer.swift; sourceTree = "<group>"; };
		BE40DC702A6A76620007F588 /* SampleViewController.swift */ = {isa = PBXFileReference; lastKnownFileType = sourcecode.swift; path = SampleViewController.swift; sourceTree = "<group>"; };
		BE67E1DA2A4F13BB002EB93C /* Color+Ext.swift */ = {isa = PBXFileReference; lastKnownFileType = sourcecode.swift; path = "Color+Ext.swift"; sourceTree = "<group>"; };
		BE67E1DC2A4F140E002EB93C /* SetColor.swift */ = {isa = PBXFileReference; lastKnownFileType = sourcecode.swift; path = SetColor.swift; sourceTree = "<group>"; };
		BE744AAF2A4F2685005F8F4F /* ClutchIntroViewController.swift */ = {isa = PBXFileReference; lastKnownFileType = sourcecode.swift; path = ClutchIntroViewController.swift; sourceTree = "<group>"; };
		BE744AB12A4F2695005F8F4F /* CalculateViewController.swift */ = {isa = PBXFileReference; lastKnownFileType = sourcecode.swift; path = CalculateViewController.swift; sourceTree = "<group>"; };
		BE744AB32A4F26B1005F8F4F /* ReportViewController.swift */ = {isa = PBXFileReference; lastKnownFileType = sourcecode.swift; path = ReportViewController.swift; sourceTree = "<group>"; };
		BE744AB52A4F2769005F8F4F /* MypageViewController.swift */ = {isa = PBXFileReference; lastKnownFileType = sourcecode.swift; path = MypageViewController.swift; sourceTree = "<group>"; };
		BE87AC8B2A5D9C610002E4C6 /* TransitionViewController.swift */ = {isa = PBXFileReference; lastKnownFileType = sourcecode.swift; path = TransitionViewController.swift; sourceTree = "<group>"; };
		BE87AC8D2A5DA0B00002E4C6 /* SetFont.swift */ = {isa = PBXFileReference; lastKnownFileType = sourcecode.swift; path = SetFont.swift; sourceTree = "<group>"; };
		BECEC6A22A5EDFDF00A177A0 /* faqViewController.swift */ = {isa = PBXFileReference; lastKnownFileType = sourcecode.swift; path = faqViewController.swift; sourceTree = "<group>"; };
		BECEC6A52A5EF51C00A177A0 /* Banner1View.swift */ = {isa = PBXFileReference; lastKnownFileType = sourcecode.swift; path = Banner1View.swift; sourceTree = "<group>"; };
		BECEC6A72A5EF52500A177A0 /* Banner2View.swift */ = {isa = PBXFileReference; lastKnownFileType = sourcecode.swift; path = Banner2View.swift; sourceTree = "<group>"; };
		BECEC6A92A5EF52B00A177A0 /* Banner3View.swift */ = {isa = PBXFileReference; lastKnownFileType = sourcecode.swift; path = Banner3View.swift; sourceTree = "<group>"; };
		BECEC6AB2A60143200A177A0 /* ColorToImage.swift */ = {isa = PBXFileReference; lastKnownFileType = sourcecode.swift; path = ColorToImage.swift; sourceTree = "<group>"; };
		BECEC6B02A6016B100A177A0 /* BaseView.swift */ = {isa = PBXFileReference; lastKnownFileType = sourcecode.swift; path = BaseView.swift; sourceTree = "<group>"; };
		BECEC6B22A6016BB00A177A0 /* BaseViewController.swift */ = {isa = PBXFileReference; lastKnownFileType = sourcecode.swift; path = BaseViewController.swift; sourceTree = "<group>"; };
		BECEC6B42A6050EA00A177A0 /* loginViewController.swift */ = {isa = PBXFileReference; lastKnownFileType = sourcecode.swift; path = loginViewController.swift; sourceTree = "<group>"; };
		BECEC6B62A6050F700A177A0 /* loginView.swift */ = {isa = PBXFileReference; lastKnownFileType = sourcecode.swift; path = loginView.swift; sourceTree = "<group>"; };
		BED645BF2A4D6845005106D8 /* clutch_iOS.app */ = {isa = PBXFileReference; explicitFileType = wrapper.application; includeInIndex = 0; path = clutch_iOS.app; sourceTree = BUILT_PRODUCTS_DIR; };
		BED645C22A4D6845005106D8 /* AppDelegate.swift */ = {isa = PBXFileReference; lastKnownFileType = sourcecode.swift; path = AppDelegate.swift; sourceTree = "<group>"; };
		BED645C42A4D6845005106D8 /* SceneDelegate.swift */ = {isa = PBXFileReference; lastKnownFileType = sourcecode.swift; path = SceneDelegate.swift; sourceTree = "<group>"; };
		BED645C62A4D6845005106D8 /* MainViewController.swift */ = {isa = PBXFileReference; lastKnownFileType = sourcecode.swift; path = MainViewController.swift; sourceTree = "<group>"; };
		BED645C92A4D6845005106D8 /* Base */ = {isa = PBXFileReference; lastKnownFileType = file.storyboard; name = Base; path = Base.lproj/Main.storyboard; sourceTree = "<group>"; };
		BED645CC2A4D6845005106D8 /* clutch_iOS.xcdatamodel */ = {isa = PBXFileReference; lastKnownFileType = wrapper.xcdatamodel; path = clutch_iOS.xcdatamodel; sourceTree = "<group>"; };
		BED645CE2A4D6846005106D8 /* Assets.xcassets */ = {isa = PBXFileReference; lastKnownFileType = folder.assetcatalog; path = Assets.xcassets; sourceTree = "<group>"; };
		BED645D12A4D6846005106D8 /* Base */ = {isa = PBXFileReference; lastKnownFileType = file.storyboard; name = Base; path = Base.lproj/LaunchScreen.storyboard; sourceTree = "<group>"; };
		BED645D32A4D6846005106D8 /* Info.plist */ = {isa = PBXFileReference; lastKnownFileType = text.plist.xml; path = Info.plist; sourceTree = "<group>"; };
		BED645D82A4D6846005106D8 /* clutch_iOSTests.xctest */ = {isa = PBXFileReference; explicitFileType = wrapper.cfbundle; includeInIndex = 0; path = clutch_iOSTests.xctest; sourceTree = BUILT_PRODUCTS_DIR; };
		BED645DC2A4D6846005106D8 /* clutch_iOSTests.swift */ = {isa = PBXFileReference; lastKnownFileType = sourcecode.swift; path = clutch_iOSTests.swift; sourceTree = "<group>"; };
		BED645E22A4D6846005106D8 /* clutch_iOSUITests.xctest */ = {isa = PBXFileReference; explicitFileType = wrapper.cfbundle; includeInIndex = 0; path = clutch_iOSUITests.xctest; sourceTree = BUILT_PRODUCTS_DIR; };
		BED645E62A4D6846005106D8 /* clutch_iOSUITests.swift */ = {isa = PBXFileReference; lastKnownFileType = sourcecode.swift; path = clutch_iOSUITests.swift; sourceTree = "<group>"; };
		BED645E82A4D6846005106D8 /* clutch_iOSUITestsLaunchTests.swift */ = {isa = PBXFileReference; lastKnownFileType = sourcecode.swift; path = clutch_iOSUITestsLaunchTests.swift; sourceTree = "<group>"; };
		BED645F52A4D6968005106D8 /* MyCustomCell1.swift */ = {isa = PBXFileReference; lastKnownFileType = sourcecode.swift; path = MyCustomCell1.swift; sourceTree = "<group>"; };
		BED645F72A4D69CF005106D8 /* MyCustomCell2.swift */ = {isa = PBXFileReference; lastKnownFileType = sourcecode.swift; path = MyCustomCell2.swift; sourceTree = "<group>"; };
		BED645F92A4D69D7005106D8 /* MyCustomCell3.swift */ = {isa = PBXFileReference; lastKnownFileType = sourcecode.swift; path = MyCustomCell3.swift; sourceTree = "<group>"; };
		BED645FB2A4D69DE005106D8 /* MyCustomCell4.swift */ = {isa = PBXFileReference; lastKnownFileType = sourcecode.swift; path = MyCustomCell4.swift; sourceTree = "<group>"; };
		C5205AA308C3164009CA681C /* libPods-clutch_iOS.a */ = {isa = PBXFileReference; explicitFileType = archive.ar; includeInIndex = 0; path = "libPods-clutch_iOS.a"; sourceTree = BUILT_PRODUCTS_DIR; };
/* End PBXFileReference section */

/* Begin PBXFrameworksBuildPhase section */
		BED645BC2A4D6845005106D8 /* Frameworks */ = {
			isa = PBXFrameworksBuildPhase;
			buildActionMask = 2147483647;
			files = (
				5F7F6386A21E2A69A0693E91 /* libPods-clutch_iOS.a in Frameworks */,
			);
			runOnlyForDeploymentPostprocessing = 0;
		};
		BED645D52A4D6846005106D8 /* Frameworks */ = {
			isa = PBXFrameworksBuildPhase;
			buildActionMask = 2147483647;
			files = (
			);
			runOnlyForDeploymentPostprocessing = 0;
		};
		BED645DF2A4D6846005106D8 /* Frameworks */ = {
			isa = PBXFrameworksBuildPhase;
			buildActionMask = 2147483647;
			files = (
			);
			runOnlyForDeploymentPostprocessing = 0;
		};
/* End PBXFrameworksBuildPhase section */

/* Begin PBXGroup section */
		0912CBA92A68C28500139593 /* Custom */ = {
			isa = PBXGroup;
			children = (
				0912CBAA2A68C28500139593 /* CustomAlertViewController.swift */,
			);
			path = Custom;
			sourceTree = "<group>";
		};
		2C16A6B82A5F9ED9003D7013 /* Account */ = {
			isa = PBXGroup;
			children = (
				2C16A6B92A5F9F08003D7013 /* WithdrawViewController.swift */,
			);
			path = Account;
			sourceTree = "<group>";
		};
		7B09C6DFFDD9C5A6ACA927F9 /* Frameworks */ = {
			isa = PBXGroup;
			children = (
				C5205AA308C3164009CA681C /* libPods-clutch_iOS.a */,
			);
			name = Frameworks;
			sourceTree = "<group>";
		};
		9D3CA54FB7BF665EA4332F89 /* Pods */ = {
			isa = PBXGroup;
			children = (
				A2C1035267FB099F808417D3 /* Pods-clutch_iOS.debug.xcconfig */,
				029110AB3B804C4470BE9F1A /* Pods-clutch_iOS.release.xcconfig */,
			);
			path = Pods;
			sourceTree = "<group>";
		};
		A207BC842A666567002AD898 /* Inquiry */ = {
			isa = PBXGroup;
			children = (
				A207BC852A6665BC002AD898 /* InquiryViewController.swift */,
			);
			path = Inquiry;
			sourceTree = "<group>";
		};
		A223575D2A65272F00915DF0 /* Profile */ = {
			isa = PBXGroup;
			children = (
				A223575E2A65279900915DF0 /* ProfileViewController.swift */,
				A22D5DF12A65678100F8D536 /* InputScreen.swift */,
			);
			path = Profile;
			sourceTree = "<group>";
		};
		A248A9962A5FD44D0053E66C /* MyPageCell */ = {
			isa = PBXGroup;
			children = (
				A248A9972A5FD4C40053E66C /* HistoryCell.swift */,
				A248A9992A5FD5330053E66C /* InfoCell.swift */,
				A248A99B2A5FD5410053E66C /* AccountCell.swift */,
			);
			path = MyPageCell;
			sourceTree = "<group>";
		};
		BE086A6A2A56F744002E4BF4 /* Resource */ = {
			isa = PBXGroup;
			children = (
				BED645CE2A4D6846005106D8 /* Assets.xcassets */,
			);
			path = Resource;
			sourceTree = "<group>";
		};
		BE086A6B2A56F767002E4BF4 /* Application */ = {
			isa = PBXGroup;
			children = (
				BED645C22A4D6845005106D8 /* AppDelegate.swift */,
				BED645C42A4D6845005106D8 /* SceneDelegate.swift */,
				BED645C82A4D6845005106D8 /* Main.storyboard */,
				BED645D02A4D6846005106D8 /* LaunchScreen.storyboard */,
			);
			path = Application;
			sourceTree = "<group>";
		};
		BE086A6C2A56F781002E4BF4 /* Presenter */ = {
			isa = PBXGroup;
			children = (
				BE086A742A56F811002E4BF4 /* Global */,
				BE086A722A56F79C002E4BF4 /* Main */,
				BE086A712A56F79B002E4BF4 /* ClutchIntro */,
				BE086A702A56F799002E4BF4 /* Calculate */,
				BE086A6D2A56F78E002E4BF4 /* Report */,
				BE086A732A56F7BF002E4BF4 /* Mypage */,
				A223575D2A65272F00915DF0 /* Profile */,
				A207BC842A666567002AD898 /* Inquiry */,
			);
			path = Presenter;
			sourceTree = "<group>";
		};
		BE086A6D2A56F78E002E4BF4 /* Report */ = {
			isa = PBXGroup;
			children = (
				BE744AB32A4F26B1005F8F4F /* ReportViewController.swift */,
			);
			path = Report;
			sourceTree = "<group>";
		};
		BE086A702A56F799002E4BF4 /* Calculate */ = {
			isa = PBXGroup;
			children = (
				BE744AB12A4F2695005F8F4F /* CalculateViewController.swift */,
			);
			path = Calculate;
			sourceTree = "<group>";
		};
		BE086A712A56F79B002E4BF4 /* ClutchIntro */ = {
			isa = PBXGroup;
			children = (
				BE744AAF2A4F2685005F8F4F /* ClutchIntroViewController.swift */,
			);
			path = ClutchIntro;
			sourceTree = "<group>";
		};
		BE086A722A56F79C002E4BF4 /* Main */ = {
			isa = PBXGroup;
			children = (
				BECEC6B42A6050EA00A177A0 /* loginViewController.swift */,
				BECEC6B62A6050F700A177A0 /* loginView.swift */,
				BED645C62A4D6845005106D8 /* MainViewController.swift */,
				BED645FD2A4D6BA6005106D8 /* MainCell */,
				BECEC6A22A5EDFDF00A177A0 /* faqViewController.swift */,
			);
			path = Main;
			sourceTree = "<group>";
		};
		BE086A732A56F7BF002E4BF4 /* Mypage */ = {
			isa = PBXGroup;
			children = (
				2C16A6B82A5F9ED9003D7013 /* Account */,
				BE744AB52A4F2769005F8F4F /* MypageViewController.swift */,
				A248A9962A5FD44D0053E66C /* MyPageCell */,
			);
			path = Mypage;
			sourceTree = "<group>";
		};
		BE086A742A56F811002E4BF4 /* Global */ = {
			isa = PBXGroup;
			children = (
				BE40DC6F2A6A762C0007F588 /* InfoInput */,
				0912CBA92A68C28500139593 /* Custom */,
				BECEC6AF2A6016A400A177A0 /* Base */,
				BE086A782A56F859002E4BF4 /* Transition */,
				BE086A772A56F850002E4BF4 /* Extension */,
				BE086A762A56F847002E4BF4 /* SetFont */,
				BE086A752A56F83A002E4BF4 /* SetColor */,
			);
			path = Global;
			sourceTree = "<group>";
		};
		BE086A752A56F83A002E4BF4 /* SetColor */ = {
			isa = PBXGroup;
			children = (
				BE67E1DC2A4F140E002EB93C /* SetColor.swift */,
				BE67E1DA2A4F13BB002EB93C /* Color+Ext.swift */,
			);
			path = SetColor;
			sourceTree = "<group>";
		};
		BE086A762A56F847002E4BF4 /* SetFont */ = {
			isa = PBXGroup;
			children = (
				BE87AC8D2A5DA0B00002E4C6 /* SetFont.swift */,
			);
			path = SetFont;
			sourceTree = "<group>";
		};
		BE086A772A56F850002E4BF4 /* Extension */ = {
			isa = PBXGroup;
			children = (
				BECEC6AB2A60143200A177A0 /* ColorToImage.swift */,
			);
			path = Extension;
			sourceTree = "<group>";
		};
		BE086A782A56F859002E4BF4 /* Transition */ = {
			isa = PBXGroup;
			children = (
				BE87AC8B2A5D9C610002E4C6 /* TransitionViewController.swift */,
			);
			path = Transition;
			sourceTree = "<group>";
		};
		BE086A792A56F868002E4BF4 /* Data */ = {
			isa = PBXGroup;
			children = (
				BE086A7B2A56F886002E4BF4 /* Model */,
				BE086A7A2A56F87E002E4BF4 /* Network */,
			);
			path = Data;
			sourceTree = "<group>";
		};
		BE086A7A2A56F87E002E4BF4 /* Network */ = {
			isa = PBXGroup;
			children = (
			);
			path = Network;
			sourceTree = "<group>";
		};
		BE086A7B2A56F886002E4BF4 /* Model */ = {
			isa = PBXGroup;
			children = (
			);
			path = Model;
			sourceTree = "<group>";
		};
		BE086A7C2A56FA85002E4BF4 /* clutch_iOS */ = {
			isa = PBXGroup;
			children = (
				BED645D32A4D6846005106D8 /* Info.plist */,
				BED645CB2A4D6845005106D8 /* clutch_iOS.xcdatamodeld */,
			);
			path = clutch_iOS;
			sourceTree = "<group>";
		};
		BE40DC6F2A6A762C0007F588 /* InfoInput */ = {
			isa = PBXGroup;
			children = (
				BE40DC6D2A6A67300007F588 /* CheckContainer.swift */,
				BE40DC6B2A6A658F0007F588 /* TextInputView.swift */,
				BE40DC702A6A76620007F588 /* SampleViewController.swift */,
			);
			path = InfoInput;
			sourceTree = "<group>";
		};
		BECEC6A42A5EF4E300A177A0 /* Banner */ = {
			isa = PBXGroup;
			children = (
				BECEC6A52A5EF51C00A177A0 /* Banner1View.swift */,
				BECEC6A72A5EF52500A177A0 /* Banner2View.swift */,
				BECEC6A92A5EF52B00A177A0 /* Banner3View.swift */,
			);
			path = Banner;
			sourceTree = "<group>";
		};
		BECEC6AF2A6016A400A177A0 /* Base */ = {
			isa = PBXGroup;
			children = (
				BECEC6B02A6016B100A177A0 /* BaseView.swift */,
				BECEC6B22A6016BB00A177A0 /* BaseViewController.swift */,
			);
			path = Base;
			sourceTree = "<group>";
		};
		BED645B62A4D6845005106D8 = {
			isa = PBXGroup;
			children = (
				BE086A7C2A56FA85002E4BF4 /* clutch_iOS */,
				BE086A6A2A56F744002E4BF4 /* Resource */,
				BED645C12A4D6845005106D8 /* Source */,
				BED645DB2A4D6846005106D8 /* clutch_iOSTests */,
				BED645E52A4D6846005106D8 /* clutch_iOSUITests */,
				BED645C02A4D6845005106D8 /* Products */,
				9D3CA54FB7BF665EA4332F89 /* Pods */,
				7B09C6DFFDD9C5A6ACA927F9 /* Frameworks */,
			);
			sourceTree = "<group>";
		};
		BED645C02A4D6845005106D8 /* Products */ = {
			isa = PBXGroup;
			children = (
				BED645BF2A4D6845005106D8 /* clutch_iOS.app */,
				BED645D82A4D6846005106D8 /* clutch_iOSTests.xctest */,
				BED645E22A4D6846005106D8 /* clutch_iOSUITests.xctest */,
			);
			name = Products;
			sourceTree = "<group>";
		};
		BED645C12A4D6845005106D8 /* Source */ = {
			isa = PBXGroup;
			children = (
				BE086A6B2A56F767002E4BF4 /* Application */,
				BE086A6C2A56F781002E4BF4 /* Presenter */,
				BE086A792A56F868002E4BF4 /* Data */,
			);
			path = Source;
			sourceTree = "<group>";
		};
		BED645DB2A4D6846005106D8 /* clutch_iOSTests */ = {
			isa = PBXGroup;
			children = (
				BED645DC2A4D6846005106D8 /* clutch_iOSTests.swift */,
			);
			path = clutch_iOSTests;
			sourceTree = "<group>";
		};
		BED645E52A4D6846005106D8 /* clutch_iOSUITests */ = {
			isa = PBXGroup;
			children = (
				BED645E62A4D6846005106D8 /* clutch_iOSUITests.swift */,
				BED645E82A4D6846005106D8 /* clutch_iOSUITestsLaunchTests.swift */,
			);
			path = clutch_iOSUITests;
			sourceTree = "<group>";
		};
		BED645FD2A4D6BA6005106D8 /* MainCell */ = {
			isa = PBXGroup;
			children = (
				BED645F52A4D6968005106D8 /* MyCustomCell1.swift */,
				BECEC6A42A5EF4E300A177A0 /* Banner */,
				BED645F72A4D69CF005106D8 /* MyCustomCell2.swift */,
				BED645F92A4D69D7005106D8 /* MyCustomCell3.swift */,
				BED645FB2A4D69DE005106D8 /* MyCustomCell4.swift */,
			);
			path = MainCell;
			sourceTree = "<group>";
		};
/* End PBXGroup section */

/* Begin PBXNativeTarget section */
		BED645BE2A4D6845005106D8 /* clutch_iOS */ = {
			isa = PBXNativeTarget;
			buildConfigurationList = BED645EC2A4D6846005106D8 /* Build configuration list for PBXNativeTarget "clutch_iOS" */;
			buildPhases = (
				93B9C6AD5FA2BB90B8074649 /* [CP] Check Pods Manifest.lock */,
				BED645BB2A4D6845005106D8 /* Sources */,
				BED645BC2A4D6845005106D8 /* Frameworks */,
				BED645BD2A4D6845005106D8 /* Resources */,
				7D0F0999E4B454AD8EEE7B82 /* [CP] Copy Pods Resources */,
			);
			buildRules = (
			);
			dependencies = (
			);
			name = clutch_iOS;
			productName = clutch_iOS;
			productReference = BED645BF2A4D6845005106D8 /* clutch_iOS.app */;
			productType = "com.apple.product-type.application";
		};
		BED645D72A4D6846005106D8 /* clutch_iOSTests */ = {
			isa = PBXNativeTarget;
			buildConfigurationList = BED645EF2A4D6846005106D8 /* Build configuration list for PBXNativeTarget "clutch_iOSTests" */;
			buildPhases = (
				BED645D42A4D6846005106D8 /* Sources */,
				BED645D52A4D6846005106D8 /* Frameworks */,
				BED645D62A4D6846005106D8 /* Resources */,
			);
			buildRules = (
			);
			dependencies = (
				BED645DA2A4D6846005106D8 /* PBXTargetDependency */,
			);
			name = clutch_iOSTests;
			productName = clutch_iOSTests;
			productReference = BED645D82A4D6846005106D8 /* clutch_iOSTests.xctest */;
			productType = "com.apple.product-type.bundle.unit-test";
		};
		BED645E12A4D6846005106D8 /* clutch_iOSUITests */ = {
			isa = PBXNativeTarget;
			buildConfigurationList = BED645F22A4D6846005106D8 /* Build configuration list for PBXNativeTarget "clutch_iOSUITests" */;
			buildPhases = (
				BED645DE2A4D6846005106D8 /* Sources */,
				BED645DF2A4D6846005106D8 /* Frameworks */,
				BED645E02A4D6846005106D8 /* Resources */,
			);
			buildRules = (
			);
			dependencies = (
				BED645E42A4D6846005106D8 /* PBXTargetDependency */,
			);
			name = clutch_iOSUITests;
			productName = clutch_iOSUITests;
			productReference = BED645E22A4D6846005106D8 /* clutch_iOSUITests.xctest */;
			productType = "com.apple.product-type.bundle.ui-testing";
		};
/* End PBXNativeTarget section */

/* Begin PBXProject section */
		BED645B72A4D6845005106D8 /* Project object */ = {
			isa = PBXProject;
			attributes = {
				BuildIndependentTargetsInParallel = 1;
				LastSwiftUpdateCheck = 1430;
				LastUpgradeCheck = 1430;
				TargetAttributes = {
					BED645BE2A4D6845005106D8 = {
						CreatedOnToolsVersion = 14.3.1;
					};
					BED645D72A4D6846005106D8 = {
						CreatedOnToolsVersion = 14.3.1;
						TestTargetID = BED645BE2A4D6845005106D8;
					};
					BED645E12A4D6846005106D8 = {
						CreatedOnToolsVersion = 14.3.1;
						TestTargetID = BED645BE2A4D6845005106D8;
					};
				};
			};
			buildConfigurationList = BED645BA2A4D6845005106D8 /* Build configuration list for PBXProject "clutch_iOS" */;
			compatibilityVersion = "Xcode 14.0";
			developmentRegion = en;
			hasScannedForEncodings = 0;
			knownRegions = (
				en,
				Base,
			);
			mainGroup = BED645B62A4D6845005106D8;
			productRefGroup = BED645C02A4D6845005106D8 /* Products */;
			projectDirPath = "";
			projectRoot = "";
			targets = (
				BED645BE2A4D6845005106D8 /* clutch_iOS */,
				BED645D72A4D6846005106D8 /* clutch_iOSTests */,
				BED645E12A4D6846005106D8 /* clutch_iOSUITests */,
			);
		};
/* End PBXProject section */

/* Begin PBXResourcesBuildPhase section */
		BED645BD2A4D6845005106D8 /* Resources */ = {
			isa = PBXResourcesBuildPhase;
			buildActionMask = 2147483647;
			files = (
				BED645D22A4D6846005106D8 /* LaunchScreen.storyboard in Resources */,
				BED645CF2A4D6846005106D8 /* Assets.xcassets in Resources */,
				BED645CA2A4D6845005106D8 /* Main.storyboard in Resources */,
			);
			runOnlyForDeploymentPostprocessing = 0;
		};
		BED645D62A4D6846005106D8 /* Resources */ = {
			isa = PBXResourcesBuildPhase;
			buildActionMask = 2147483647;
			files = (
			);
			runOnlyForDeploymentPostprocessing = 0;
		};
		BED645E02A4D6846005106D8 /* Resources */ = {
			isa = PBXResourcesBuildPhase;
			buildActionMask = 2147483647;
			files = (
			);
			runOnlyForDeploymentPostprocessing = 0;
		};
/* End PBXResourcesBuildPhase section */

/* Begin PBXShellScriptBuildPhase section */
		7D0F0999E4B454AD8EEE7B82 /* [CP] Copy Pods Resources */ = {
			isa = PBXShellScriptBuildPhase;
			buildActionMask = 2147483647;
			files = (
			);
			inputFileListPaths = (
				"${PODS_ROOT}/Target Support Files/Pods-clutch_iOS/Pods-clutch_iOS-resources-${CONFIGURATION}-input-files.xcfilelist",
			);
			name = "[CP] Copy Pods Resources";
			outputFileListPaths = (
				"${PODS_ROOT}/Target Support Files/Pods-clutch_iOS/Pods-clutch_iOS-resources-${CONFIGURATION}-output-files.xcfilelist",
			);
			runOnlyForDeploymentPostprocessing = 0;
			shellPath = /bin/sh;
			shellScript = "\"${PODS_ROOT}/Target Support Files/Pods-clutch_iOS/Pods-clutch_iOS-resources.sh\"\n";
			showEnvVarsInLog = 0;
		};
		93B9C6AD5FA2BB90B8074649 /* [CP] Check Pods Manifest.lock */ = {
			isa = PBXShellScriptBuildPhase;
			buildActionMask = 2147483647;
			files = (
			);
			inputFileListPaths = (
			);
			inputPaths = (
				"${PODS_PODFILE_DIR_PATH}/Podfile.lock",
				"${PODS_ROOT}/Manifest.lock",
			);
			name = "[CP] Check Pods Manifest.lock";
			outputFileListPaths = (
			);
			outputPaths = (
				"$(DERIVED_FILE_DIR)/Pods-clutch_iOS-checkManifestLockResult.txt",
			);
			runOnlyForDeploymentPostprocessing = 0;
			shellPath = /bin/sh;
			shellScript = "diff \"${PODS_PODFILE_DIR_PATH}/Podfile.lock\" \"${PODS_ROOT}/Manifest.lock\" > /dev/null\nif [ $? != 0 ] ; then\n    # print error to STDERR\n    echo \"error: The sandbox is not in sync with the Podfile.lock. Run 'pod install' or update your CocoaPods installation.\" >&2\n    exit 1\nfi\n# This output is used by Xcode 'outputs' to avoid re-running this script phase.\necho \"SUCCESS\" > \"${SCRIPT_OUTPUT_FILE_0}\"\n";
			showEnvVarsInLog = 0;
		};
/* End PBXShellScriptBuildPhase section */

/* Begin PBXSourcesBuildPhase section */
		BED645BB2A4D6845005106D8 /* Sources */ = {
			isa = PBXSourcesBuildPhase;
			buildActionMask = 2147483647;
			files = (
				BED645F62A4D6968005106D8 /* MyCustomCell1.swift in Sources */,
				BECEC6A82A5EF52500A177A0 /* Banner2View.swift in Sources */,
				BE744AB42A4F26B1005F8F4F /* ReportViewController.swift in Sources */,
				A223575F2A65279900915DF0 /* ProfileViewController.swift in Sources */,
				BED645CD2A4D6845005106D8 /* clutch_iOS.xcdatamodeld in Sources */,
				BED645C72A4D6845005106D8 /* MainViewController.swift in Sources */,
				BECEC6B32A6016BB00A177A0 /* BaseViewController.swift in Sources */,
				BE67E1DD2A4F140E002EB93C /* SetColor.swift in Sources */,
				0912CBAB2A68C28500139593 /* CustomAlertViewController.swift in Sources */,
				BE40DC712A6A76620007F588 /* SampleViewController.swift in Sources */,
				A248A99A2A5FD5330053E66C /* InfoCell.swift in Sources */,
				BED645F82A4D69CF005106D8 /* MyCustomCell2.swift in Sources */,
				A207BC862A6665BC002AD898 /* InquiryViewController.swift in Sources */,
				A22D5DF22A65678100F8D536 /* InputScreen.swift in Sources */,
				A248A9982A5FD4C40053E66C /* HistoryCell.swift in Sources */,
				BECEC6AC2A60143200A177A0 /* ColorToImage.swift in Sources */,
				BE744AB22A4F2695005F8F4F /* CalculateViewController.swift in Sources */,
				BE744AB02A4F2685005F8F4F /* ClutchIntroViewController.swift in Sources */,
				BED645C32A4D6845005106D8 /* AppDelegate.swift in Sources */,
				BECEC6B72A6050F700A177A0 /* loginView.swift in Sources */,
				BE744AB62A4F2769005F8F4F /* MypageViewController.swift in Sources */,
				A248A99C2A5FD5410053E66C /* AccountCell.swift in Sources */,
				BED645FC2A4D69DE005106D8 /* MyCustomCell4.swift in Sources */,
				BE87AC8E2A5DA0B00002E4C6 /* SetFont.swift in Sources */,
				BECEC6A62A5EF51C00A177A0 /* Banner1View.swift in Sources */,
				BECEC6A32A5EDFDF00A177A0 /* faqViewController.swift in Sources */,
				BED645C52A4D6845005106D8 /* SceneDelegate.swift in Sources */,
				2C16A6BA2A5F9F08003D7013 /* WithdrawViewController.swift in Sources */,
				BECEC6AA2A5EF52B00A177A0 /* Banner3View.swift in Sources */,
				BE40DC6E2A6A67300007F588 /* CheckContainer.swift in Sources */,
				BED645FA2A4D69D7005106D8 /* MyCustomCell3.swift in Sources */,
				BECEC6B12A6016B100A177A0 /* BaseView.swift in Sources */,
				BE87AC8C2A5D9C610002E4C6 /* TransitionViewController.swift in Sources */,
				BE40DC6C2A6A658F0007F588 /* TextInputView.swift in Sources */,
				BE67E1DB2A4F13BB002EB93C /* Color+Ext.swift in Sources */,
				BECEC6B52A6050EA00A177A0 /* loginViewController.swift in Sources */,
			);
			runOnlyForDeploymentPostprocessing = 0;
		};
		BED645D42A4D6846005106D8 /* Sources */ = {
			isa = PBXSourcesBuildPhase;
			buildActionMask = 2147483647;
			files = (
				BED645DD2A4D6846005106D8 /* clutch_iOSTests.swift in Sources */,
			);
			runOnlyForDeploymentPostprocessing = 0;
		};
		BED645DE2A4D6846005106D8 /* Sources */ = {
			isa = PBXSourcesBuildPhase;
			buildActionMask = 2147483647;
			files = (
				BED645E72A4D6846005106D8 /* clutch_iOSUITests.swift in Sources */,
				BED645E92A4D6846005106D8 /* clutch_iOSUITestsLaunchTests.swift in Sources */,
			);
			runOnlyForDeploymentPostprocessing = 0;
		};
/* End PBXSourcesBuildPhase section */

/* Begin PBXTargetDependency section */
		BED645DA2A4D6846005106D8 /* PBXTargetDependency */ = {
			isa = PBXTargetDependency;
			target = BED645BE2A4D6845005106D8 /* clutch_iOS */;
			targetProxy = BED645D92A4D6846005106D8 /* PBXContainerItemProxy */;
		};
		BED645E42A4D6846005106D8 /* PBXTargetDependency */ = {
			isa = PBXTargetDependency;
			target = BED645BE2A4D6845005106D8 /* clutch_iOS */;
			targetProxy = BED645E32A4D6846005106D8 /* PBXContainerItemProxy */;
		};
/* End PBXTargetDependency section */

/* Begin PBXVariantGroup section */
		BED645C82A4D6845005106D8 /* Main.storyboard */ = {
			isa = PBXVariantGroup;
			children = (
				BED645C92A4D6845005106D8 /* Base */,
			);
			name = Main.storyboard;
			sourceTree = "<group>";
		};
		BED645D02A4D6846005106D8 /* LaunchScreen.storyboard */ = {
			isa = PBXVariantGroup;
			children = (
				BED645D12A4D6846005106D8 /* Base */,
			);
			name = LaunchScreen.storyboard;
			sourceTree = "<group>";
		};
/* End PBXVariantGroup section */

/* Begin XCBuildConfiguration section */
		BED645EA2A4D6846005106D8 /* Debug */ = {
			isa = XCBuildConfiguration;
			buildSettings = {
				ALWAYS_SEARCH_USER_PATHS = NO;
				CLANG_ANALYZER_NONNULL = YES;
				CLANG_ANALYZER_NUMBER_OBJECT_CONVERSION = YES_AGGRESSIVE;
				CLANG_CXX_LANGUAGE_STANDARD = "gnu++20";
				CLANG_ENABLE_MODULES = YES;
				CLANG_ENABLE_OBJC_ARC = YES;
				CLANG_ENABLE_OBJC_WEAK = YES;
				CLANG_WARN_BLOCK_CAPTURE_AUTORELEASING = YES;
				CLANG_WARN_BOOL_CONVERSION = YES;
				CLANG_WARN_COMMA = YES;
				CLANG_WARN_CONSTANT_CONVERSION = YES;
				CLANG_WARN_DEPRECATED_OBJC_IMPLEMENTATIONS = YES;
				CLANG_WARN_DIRECT_OBJC_ISA_USAGE = YES_ERROR;
				CLANG_WARN_DOCUMENTATION_COMMENTS = YES;
				CLANG_WARN_EMPTY_BODY = YES;
				CLANG_WARN_ENUM_CONVERSION = YES;
				CLANG_WARN_INFINITE_RECURSION = YES;
				CLANG_WARN_INT_CONVERSION = YES;
				CLANG_WARN_NON_LITERAL_NULL_CONVERSION = YES;
				CLANG_WARN_OBJC_IMPLICIT_RETAIN_SELF = YES;
				CLANG_WARN_OBJC_LITERAL_CONVERSION = YES;
				CLANG_WARN_OBJC_ROOT_CLASS = YES_ERROR;
				CLANG_WARN_QUOTED_INCLUDE_IN_FRAMEWORK_HEADER = YES;
				CLANG_WARN_RANGE_LOOP_ANALYSIS = YES;
				CLANG_WARN_STRICT_PROTOTYPES = YES;
				CLANG_WARN_SUSPICIOUS_MOVE = YES;
				CLANG_WARN_UNGUARDED_AVAILABILITY = YES_AGGRESSIVE;
				CLANG_WARN_UNREACHABLE_CODE = YES;
				CLANG_WARN__DUPLICATE_METHOD_MATCH = YES;
				COPY_PHASE_STRIP = NO;
				DEBUG_INFORMATION_FORMAT = dwarf;
				ENABLE_STRICT_OBJC_MSGSEND = YES;
				ENABLE_TESTABILITY = YES;
				GCC_C_LANGUAGE_STANDARD = gnu11;
				GCC_DYNAMIC_NO_PIC = NO;
				GCC_NO_COMMON_BLOCKS = YES;
				GCC_OPTIMIZATION_LEVEL = 0;
				GCC_PREPROCESSOR_DEFINITIONS = (
					"DEBUG=1",
					"$(inherited)",
				);
				GCC_WARN_64_TO_32_BIT_CONVERSION = YES;
				GCC_WARN_ABOUT_RETURN_TYPE = YES_ERROR;
				GCC_WARN_UNDECLARED_SELECTOR = YES;
				GCC_WARN_UNINITIALIZED_AUTOS = YES_AGGRESSIVE;
				GCC_WARN_UNUSED_FUNCTION = YES;
				GCC_WARN_UNUSED_VARIABLE = YES;
				IPHONEOS_DEPLOYMENT_TARGET = 16.4;
				MTL_ENABLE_DEBUG_INFO = INCLUDE_SOURCE;
				MTL_FAST_MATH = YES;
				ONLY_ACTIVE_ARCH = YES;
				SDKROOT = iphoneos;
				SWIFT_ACTIVE_COMPILATION_CONDITIONS = DEBUG;
				SWIFT_OPTIMIZATION_LEVEL = "-Onone";
			};
			name = Debug;
		};
		BED645EB2A4D6846005106D8 /* Release */ = {
			isa = XCBuildConfiguration;
			buildSettings = {
				ALWAYS_SEARCH_USER_PATHS = NO;
				CLANG_ANALYZER_NONNULL = YES;
				CLANG_ANALYZER_NUMBER_OBJECT_CONVERSION = YES_AGGRESSIVE;
				CLANG_CXX_LANGUAGE_STANDARD = "gnu++20";
				CLANG_ENABLE_MODULES = YES;
				CLANG_ENABLE_OBJC_ARC = YES;
				CLANG_ENABLE_OBJC_WEAK = YES;
				CLANG_WARN_BLOCK_CAPTURE_AUTORELEASING = YES;
				CLANG_WARN_BOOL_CONVERSION = YES;
				CLANG_WARN_COMMA = YES;
				CLANG_WARN_CONSTANT_CONVERSION = YES;
				CLANG_WARN_DEPRECATED_OBJC_IMPLEMENTATIONS = YES;
				CLANG_WARN_DIRECT_OBJC_ISA_USAGE = YES_ERROR;
				CLANG_WARN_DOCUMENTATION_COMMENTS = YES;
				CLANG_WARN_EMPTY_BODY = YES;
				CLANG_WARN_ENUM_CONVERSION = YES;
				CLANG_WARN_INFINITE_RECURSION = YES;
				CLANG_WARN_INT_CONVERSION = YES;
				CLANG_WARN_NON_LITERAL_NULL_CONVERSION = YES;
				CLANG_WARN_OBJC_IMPLICIT_RETAIN_SELF = YES;
				CLANG_WARN_OBJC_LITERAL_CONVERSION = YES;
				CLANG_WARN_OBJC_ROOT_CLASS = YES_ERROR;
				CLANG_WARN_QUOTED_INCLUDE_IN_FRAMEWORK_HEADER = YES;
				CLANG_WARN_RANGE_LOOP_ANALYSIS = YES;
				CLANG_WARN_STRICT_PROTOTYPES = YES;
				CLANG_WARN_SUSPICIOUS_MOVE = YES;
				CLANG_WARN_UNGUARDED_AVAILABILITY = YES_AGGRESSIVE;
				CLANG_WARN_UNREACHABLE_CODE = YES;
				CLANG_WARN__DUPLICATE_METHOD_MATCH = YES;
				COPY_PHASE_STRIP = NO;
				DEBUG_INFORMATION_FORMAT = "dwarf-with-dsym";
				ENABLE_NS_ASSERTIONS = NO;
				ENABLE_STRICT_OBJC_MSGSEND = YES;
				GCC_C_LANGUAGE_STANDARD = gnu11;
				GCC_NO_COMMON_BLOCKS = YES;
				GCC_WARN_64_TO_32_BIT_CONVERSION = YES;
				GCC_WARN_ABOUT_RETURN_TYPE = YES_ERROR;
				GCC_WARN_UNDECLARED_SELECTOR = YES;
				GCC_WARN_UNINITIALIZED_AUTOS = YES_AGGRESSIVE;
				GCC_WARN_UNUSED_FUNCTION = YES;
				GCC_WARN_UNUSED_VARIABLE = YES;
				IPHONEOS_DEPLOYMENT_TARGET = 16.4;
				MTL_ENABLE_DEBUG_INFO = NO;
				MTL_FAST_MATH = YES;
				SDKROOT = iphoneos;
				SWIFT_COMPILATION_MODE = wholemodule;
				SWIFT_OPTIMIZATION_LEVEL = "-O";
				VALIDATE_PRODUCT = YES;
			};
			name = Release;
		};
		BED645ED2A4D6846005106D8 /* Debug */ = {
			isa = XCBuildConfiguration;
			baseConfigurationReference = A2C1035267FB099F808417D3 /* Pods-clutch_iOS.debug.xcconfig */;
			buildSettings = {
				ASSETCATALOG_COMPILER_APPICON_NAME = AppIcon;
				ASSETCATALOG_COMPILER_GLOBAL_ACCENT_COLOR_NAME = AccentColor;
				CODE_SIGN_STYLE = Automatic;
				CURRENT_PROJECT_VERSION = 1;
				DEVELOPMENT_TEAM = 7HDHR2SNR7;
				GENERATE_INFOPLIST_FILE = YES;
				INFOPLIST_FILE = clutch_iOS/Info.plist;
				INFOPLIST_KEY_UIApplicationSupportsIndirectInputEvents = YES;
				INFOPLIST_KEY_UILaunchStoryboardName = LaunchScreen;
				INFOPLIST_KEY_UIMainStoryboardFile = Main;
				INFOPLIST_KEY_UISupportedInterfaceOrientations_iPad = "UIInterfaceOrientationPortrait UIInterfaceOrientationPortraitUpsideDown UIInterfaceOrientationLandscapeLeft UIInterfaceOrientationLandscapeRight";
				INFOPLIST_KEY_UISupportedInterfaceOrientations_iPhone = "UIInterfaceOrientationPortrait UIInterfaceOrientationLandscapeLeft UIInterfaceOrientationLandscapeRight";
				LD_RUNPATH_SEARCH_PATHS = (
					"$(inherited)",
					"@executable_path/Frameworks",
				);
				MARKETING_VERSION = 1.0;
				PRODUCT_BUNDLE_IDENTIFIER = "alert.clutch-iOS";
				PRODUCT_NAME = "$(TARGET_NAME)";
				SWIFT_EMIT_LOC_STRINGS = YES;
				SWIFT_VERSION = 5.0;
				TARGETED_DEVICE_FAMILY = "1,2";
			};
			name = Debug;
		};
		BED645EE2A4D6846005106D8 /* Release */ = {
			isa = XCBuildConfiguration;
			baseConfigurationReference = 029110AB3B804C4470BE9F1A /* Pods-clutch_iOS.release.xcconfig */;
			buildSettings = {
				ASSETCATALOG_COMPILER_APPICON_NAME = AppIcon;
				ASSETCATALOG_COMPILER_GLOBAL_ACCENT_COLOR_NAME = AccentColor;
				CODE_SIGN_STYLE = Automatic;
				CURRENT_PROJECT_VERSION = 1;
				DEVELOPMENT_TEAM = 7HDHR2SNR7;
				GENERATE_INFOPLIST_FILE = YES;
				INFOPLIST_FILE = clutch_iOS/Info.plist;
				INFOPLIST_KEY_UIApplicationSupportsIndirectInputEvents = YES;
				INFOPLIST_KEY_UILaunchStoryboardName = LaunchScreen;
				INFOPLIST_KEY_UIMainStoryboardFile = Main;
				INFOPLIST_KEY_UISupportedInterfaceOrientations_iPad = "UIInterfaceOrientationPortrait UIInterfaceOrientationPortraitUpsideDown UIInterfaceOrientationLandscapeLeft UIInterfaceOrientationLandscapeRight";
				INFOPLIST_KEY_UISupportedInterfaceOrientations_iPhone = "UIInterfaceOrientationPortrait UIInterfaceOrientationLandscapeLeft UIInterfaceOrientationLandscapeRight";
				LD_RUNPATH_SEARCH_PATHS = (
					"$(inherited)",
					"@executable_path/Frameworks",
				);
				MARKETING_VERSION = 1.0;
				PRODUCT_BUNDLE_IDENTIFIER = "alert.clutch-iOS";
				PRODUCT_NAME = "$(TARGET_NAME)";
				SWIFT_EMIT_LOC_STRINGS = YES;
				SWIFT_VERSION = 5.0;
				TARGETED_DEVICE_FAMILY = "1,2";
			};
			name = Release;
		};
		BED645F02A4D6846005106D8 /* Debug */ = {
			isa = XCBuildConfiguration;
			buildSettings = {
				ALWAYS_EMBED_SWIFT_STANDARD_LIBRARIES = YES;
				BUNDLE_LOADER = "$(TEST_HOST)";
				CODE_SIGN_STYLE = Automatic;
				CURRENT_PROJECT_VERSION = 1;
				DEVELOPMENT_TEAM = 7HDHR2SNR7;
				GENERATE_INFOPLIST_FILE = YES;
				IPHONEOS_DEPLOYMENT_TARGET = 16.4;
				MARKETING_VERSION = 1.0;
				PRODUCT_BUNDLE_IDENTIFIER = "alert.clutch-iOSTests";
				PRODUCT_NAME = "$(TARGET_NAME)";
				SWIFT_EMIT_LOC_STRINGS = NO;
				SWIFT_VERSION = 5.0;
				TARGETED_DEVICE_FAMILY = "1,2";
				TEST_HOST = "$(BUILT_PRODUCTS_DIR)/clutch_iOS.app/$(BUNDLE_EXECUTABLE_FOLDER_PATH)/clutch_iOS";
			};
			name = Debug;
		};
		BED645F12A4D6846005106D8 /* Release */ = {
			isa = XCBuildConfiguration;
			buildSettings = {
				ALWAYS_EMBED_SWIFT_STANDARD_LIBRARIES = YES;
				BUNDLE_LOADER = "$(TEST_HOST)";
				CODE_SIGN_STYLE = Automatic;
				CURRENT_PROJECT_VERSION = 1;
				DEVELOPMENT_TEAM = 7HDHR2SNR7;
				GENERATE_INFOPLIST_FILE = YES;
				IPHONEOS_DEPLOYMENT_TARGET = 16.4;
				MARKETING_VERSION = 1.0;
				PRODUCT_BUNDLE_IDENTIFIER = "alert.clutch-iOSTests";
				PRODUCT_NAME = "$(TARGET_NAME)";
				SWIFT_EMIT_LOC_STRINGS = NO;
				SWIFT_VERSION = 5.0;
				TARGETED_DEVICE_FAMILY = "1,2";
				TEST_HOST = "$(BUILT_PRODUCTS_DIR)/clutch_iOS.app/$(BUNDLE_EXECUTABLE_FOLDER_PATH)/clutch_iOS";
			};
			name = Release;
		};
		BED645F32A4D6846005106D8 /* Debug */ = {
			isa = XCBuildConfiguration;
			buildSettings = {
				ALWAYS_EMBED_SWIFT_STANDARD_LIBRARIES = YES;
				CODE_SIGN_STYLE = Automatic;
				CURRENT_PROJECT_VERSION = 1;
				DEVELOPMENT_TEAM = 7HDHR2SNR7;
				GENERATE_INFOPLIST_FILE = YES;
				MARKETING_VERSION = 1.0;
				PRODUCT_BUNDLE_IDENTIFIER = "alert.clutch-iOSUITests";
				PRODUCT_NAME = "$(TARGET_NAME)";
				SWIFT_EMIT_LOC_STRINGS = NO;
				SWIFT_VERSION = 5.0;
				TARGETED_DEVICE_FAMILY = "1,2";
				TEST_TARGET_NAME = clutch_iOS;
			};
			name = Debug;
		};
		BED645F42A4D6846005106D8 /* Release */ = {
			isa = XCBuildConfiguration;
			buildSettings = {
				ALWAYS_EMBED_SWIFT_STANDARD_LIBRARIES = YES;
				CODE_SIGN_STYLE = Automatic;
				CURRENT_PROJECT_VERSION = 1;
				DEVELOPMENT_TEAM = 7HDHR2SNR7;
				GENERATE_INFOPLIST_FILE = YES;
				MARKETING_VERSION = 1.0;
				PRODUCT_BUNDLE_IDENTIFIER = "alert.clutch-iOSUITests";
				PRODUCT_NAME = "$(TARGET_NAME)";
				SWIFT_EMIT_LOC_STRINGS = NO;
				SWIFT_VERSION = 5.0;
				TARGETED_DEVICE_FAMILY = "1,2";
				TEST_TARGET_NAME = clutch_iOS;
			};
			name = Release;
		};
/* End XCBuildConfiguration section */

/* Begin XCConfigurationList section */
		BED645BA2A4D6845005106D8 /* Build configuration list for PBXProject "clutch_iOS" */ = {
			isa = XCConfigurationList;
			buildConfigurations = (
				BED645EA2A4D6846005106D8 /* Debug */,
				BED645EB2A4D6846005106D8 /* Release */,
			);
			defaultConfigurationIsVisible = 0;
			defaultConfigurationName = Release;
		};
		BED645EC2A4D6846005106D8 /* Build configuration list for PBXNativeTarget "clutch_iOS" */ = {
			isa = XCConfigurationList;
			buildConfigurations = (
				BED645ED2A4D6846005106D8 /* Debug */,
				BED645EE2A4D6846005106D8 /* Release */,
			);
			defaultConfigurationIsVisible = 0;
			defaultConfigurationName = Release;
		};
		BED645EF2A4D6846005106D8 /* Build configuration list for PBXNativeTarget "clutch_iOSTests" */ = {
			isa = XCConfigurationList;
			buildConfigurations = (
				BED645F02A4D6846005106D8 /* Debug */,
				BED645F12A4D6846005106D8 /* Release */,
			);
			defaultConfigurationIsVisible = 0;
			defaultConfigurationName = Release;
		};
		BED645F22A4D6846005106D8 /* Build configuration list for PBXNativeTarget "clutch_iOSUITests" */ = {
			isa = XCConfigurationList;
			buildConfigurations = (
				BED645F32A4D6846005106D8 /* Debug */,
				BED645F42A4D6846005106D8 /* Release */,
			);
			defaultConfigurationIsVisible = 0;
			defaultConfigurationName = Release;
		};
/* End XCConfigurationList section */

/* Begin XCVersionGroup section */
		BED645CB2A4D6845005106D8 /* clutch_iOS.xcdatamodeld */ = {
			isa = XCVersionGroup;
			children = (
				BED645CC2A4D6845005106D8 /* clutch_iOS.xcdatamodel */,
			);
			currentVersion = BED645CC2A4D6845005106D8 /* clutch_iOS.xcdatamodel */;
			path = clutch_iOS.xcdatamodeld;
			sourceTree = "<group>";
			versionGroupType = wrapper.xcdatamodel;
		};
/* End XCVersionGroup section */
	};
	rootObject = BED645B72A4D6845005106D8 /* Project object */;
}
